// !$*UTF8*$!
{
	archiveVersion = 1;
	classes = {
	};
	objectVersion = 56;
	objects = {

/* Begin PBXBuildFile section */
		3F3D564E2966C84E006C1ADA /* AppDelegate.m in Sources */ = {isa = PBXBuildFile; fileRef = 3F3D564D2966C84E006C1ADA /* AppDelegate.m */; };
		3F3D56512966C84E006C1ADA /* SceneDelegate.m in Sources */ = {isa = PBXBuildFile; fileRef = 3F3D56502966C84E006C1ADA /* SceneDelegate.m */; };
		3F3D56542966C84E006C1ADA /* ViewController.m in Sources */ = {isa = PBXBuildFile; fileRef = 3F3D56532966C84E006C1ADA /* ViewController.m */; };
		3F3D56572966C84E006C1ADA /* Main.storyboard in Resources */ = {isa = PBXBuildFile; fileRef = 3F3D56552966C84E006C1ADA /* Main.storyboard */; };
		3F3D56592966C850006C1ADA /* Assets.xcassets in Resources */ = {isa = PBXBuildFile; fileRef = 3F3D56582966C850006C1ADA /* Assets.xcassets */; };
		3F3D565C2966C850006C1ADA /* LaunchScreen.storyboard in Resources */ = {isa = PBXBuildFile; fileRef = 3F3D565A2966C850006C1ADA /* LaunchScreen.storyboard */; };
		3F3D565F2966C850006C1ADA /* main.m in Sources */ = {isa = PBXBuildFile; fileRef = 3F3D565E2966C850006C1ADA /* main.m */; };
		957A215F296AA2700064F1F4 /* AntiDebug.m in Sources */ = {isa = PBXBuildFile; fileRef = 957A215E296AA2700064F1F4 /* AntiDebug.m */; };
/* End PBXBuildFile section */

/* Begin PBXFileReference section */
		3F3D56492966C84E006C1ADA /* antidebug.app */ = {isa = PBXFileReference; explicitFileType = wrapper.application; includeInIndex = 0; path = antidebug.app; sourceTree = BUILT_PRODUCTS_DIR; };
		3F3D564C2966C84E006C1ADA /* AppDelegate.h */ = {isa = PBXFileReference; lastKnownFileType = sourcecode.c.h; path = AppDelegate.h; sourceTree = "<group>"; };
		3F3D564D2966C84E006C1ADA /* AppDelegate.m */ = {isa = PBXFileReference; lastKnownFileType = sourcecode.c.objc; path = AppDelegate.m; sourceTree = "<group>"; };
		3F3D564F2966C84E006C1ADA /* SceneDelegate.h */ = {isa = PBXFileReference; lastKnownFileType = sourcecode.c.h; path = SceneDelegate.h; sourceTree = "<group>"; };
		3F3D56502966C84E006C1ADA /* SceneDelegate.m */ = {isa = PBXFileReference; lastKnownFileType = sourcecode.c.objc; path = SceneDelegate.m; sourceTree = "<group>"; };
		3F3D56522966C84E006C1ADA /* ViewController.h */ = {isa = PBXFileReference; lastKnownFileType = sourcecode.c.h; path = ViewController.h; sourceTree = "<group>"; };
		3F3D56532966C84E006C1ADA /* ViewController.m */ = {isa = PBXFileReference; lastKnownFileType = sourcecode.c.objc; path = ViewController.m; sourceTree = "<group>"; };
		3F3D56562966C84E006C1ADA /* Base */ = {isa = PBXFileReference; lastKnownFileType = file.storyboard; name = Base; path = Base.lproj/Main.storyboard; sourceTree = "<group>"; };
		3F3D56582966C850006C1ADA /* Assets.xcassets */ = {isa = PBXFileReference; lastKnownFileType = folder.assetcatalog; path = Assets.xcassets; sourceTree = "<group>"; };
		3F3D565B2966C850006C1ADA /* Base */ = {isa = PBXFileReference; lastKnownFileType = file.storyboard; name = Base; path = Base.lproj/LaunchScreen.storyboard; sourceTree = "<group>"; };
		3F3D565D2966C850006C1ADA /* Info.plist */ = {isa = PBXFileReference; lastKnownFileType = text.plist.xml; path = Info.plist; sourceTree = "<group>"; };
		3F3D565E2966C850006C1ADA /* main.m */ = {isa = PBXFileReference; lastKnownFileType = sourcecode.c.objc; path = main.m; sourceTree = "<group>"; };
		957A215D296AA2700064F1F4 /* AntiDebug.h */ = {isa = PBXFileReference; lastKnownFileType = sourcecode.c.h; path = AntiDebug.h; sourceTree = "<group>"; };
		957A215E296AA2700064F1F4 /* AntiDebug.m */ = {isa = PBXFileReference; lastKnownFileType = sourcecode.c.objc; path = AntiDebug.m; sourceTree = "<group>"; };
/* End PBXFileReference section */

/* Begin PBXFrameworksBuildPhase section */
		3F3D56462966C84E006C1ADA /* Frameworks */ = {
			isa = PBXFrameworksBuildPhase;
			buildActionMask = 2147483647;
			files = (
			);
			runOnlyForDeploymentPostprocessing = 0;
		};
/* End PBXFrameworksBuildPhase section */

/* Begin PBXGroup section */
		3F3D56402966C84E006C1ADA = {
			isa = PBXGroup;
			children = (
				3F3D564B2966C84E006C1ADA /* antidebug */,
				3F3D564A2966C84E006C1ADA /* Products */,
			);
			sourceTree = "<group>";
		};
		3F3D564A2966C84E006C1ADA /* Products */ = {
			isa = PBXGroup;
			children = (
				3F3D56492966C84E006C1ADA /* antidebug.app */,
			);
			name = Products;
			sourceTree = "<group>";
		};
		3F3D564B2966C84E006C1ADA /* antidebug */ = {
			isa = PBXGroup;
			children = (
				957A215D296AA2700064F1F4 /* AntiDebug.h */,
				957A215E296AA2700064F1F4 /* AntiDebug.m */,
				3F3D564C2966C84E006C1ADA /* AppDelegate.h */,
				3F3D564D2966C84E006C1ADA /* AppDelegate.m */,
				3F3D564F2966C84E006C1ADA /* SceneDelegate.h */,
				3F3D56502966C84E006C1ADA /* SceneDelegate.m */,
				3F3D56522966C84E006C1ADA /* ViewController.h */,
				3F3D56532966C84E006C1ADA /* ViewController.m */,
				3F3D56552966C84E006C1ADA /* Main.storyboard */,
				3F3D56582966C850006C1ADA /* Assets.xcassets */,
				3F3D565A2966C850006C1ADA /* LaunchScreen.storyboard */,
				3F3D565D2966C850006C1ADA /* Info.plist */,
				3F3D565E2966C850006C1ADA /* main.m */,
			);
			path = antidebug;
			sourceTree = "<group>";
		};
/* End PBXGroup section */

/* Begin PBXNativeTarget section */
		3F3D56482966C84E006C1ADA /* antidebug */ = {
			isa = PBXNativeTarget;
			buildConfigurationList = 3F3D56622966C850006C1ADA /* Build configuration list for PBXNativeTarget "antidebug" */;
			buildPhases = (
				3F3D56452966C84E006C1ADA /* Sources */,
				3F3D56462966C84E006C1ADA /* Frameworks */,
				3F3D56472966C84E006C1ADA /* Resources */,
			);
			buildRules = (
			);
			dependencies = (
			);
			name = antidebug;
			productName = antidebug;
			productReference = 3F3D56492966C84E006C1ADA /* antidebug.app */;
			productType = "com.apple.product-type.application";
		};
/* End PBXNativeTarget section */

/* Begin PBXProject section */
		3F3D56412966C84E006C1ADA /* Project object */ = {
			isa = PBXProject;
			attributes = {
				BuildIndependentTargetsInParallel = 1;
				LastUpgradeCheck = 1420;
				TargetAttributes = {
					3F3D56482966C84E006C1ADA = {
						CreatedOnToolsVersion = 14.2;
					};
				};
			};
			buildConfigurationList = 3F3D56442966C84E006C1ADA /* Build configuration list for PBXProject "antidebug" */;
			compatibilityVersion = "Xcode 14.0";
			developmentRegion = en;
			hasScannedForEncodings = 0;
			knownRegions = (
				en,
				Base,
			);
			mainGroup = 3F3D56402966C84E006C1ADA;
			productRefGroup = 3F3D564A2966C84E006C1ADA /* Products */;
			projectDirPath = "";
			projectRoot = "";
			targets = (
				3F3D56482966C84E006C1ADA /* antidebug */,
			);
		};
/* End PBXProject section */

/* Begin PBXResourcesBuildPhase section */
		3F3D56472966C84E006C1ADA /* Resources */ = {
			isa = PBXResourcesBuildPhase;
			buildActionMask = 2147483647;
			files = (
				3F3D565C2966C850006C1ADA /* LaunchScreen.storyboard in Resources */,
				3F3D56592966C850006C1ADA /* Assets.xcassets in Resources */,
				3F3D56572966C84E006C1ADA /* Main.storyboard in Resources */,
			);
			runOnlyForDeploymentPostprocessing = 0;
		};
/* End PBXResourcesBuildPhase section */

/* Begin PBXSourcesBuildPhase section */
		3F3D56452966C84E006C1ADA /* Sources */ = {
			isa = PBXSourcesBuildPhase;
			buildActionMask = 2147483647;
			files = (
				3F3D56542966C84E006C1ADA /* ViewController.m in Sources */,
				3F3D564E2966C84E006C1ADA /* AppDelegate.m in Sources */,
				3F3D565F2966C850006C1ADA /* main.m in Sources */,
				3F3D56512966C84E006C1ADA /* SceneDelegate.m in Sources */,
				957A215F296AA2700064F1F4 /* AntiDebug.m in Sources */,
			);
			runOnlyForDeploymentPostprocessing = 0;
		};
/* End PBXSourcesBuildPhase section */

/* Begin PBXVariantGroup section */
		3F3D56552966C84E006C1ADA /* Main.storyboard */ = {
			isa = PBXVariantGroup;
			children = (
				3F3D56562966C84E006C1ADA /* Base */,
			);
			name = Main.storyboard;
			sourceTree = "<group>";
		};
		3F3D565A2966C850006C1ADA /* LaunchScreen.storyboard */ = {
			isa = PBXVariantGroup;
			children = (
				3F3D565B2966C850006C1ADA /* Base */,
			);
			name = LaunchScreen.storyboard;
			sourceTree = "<group>";
		};
/* End PBXVariantGroup section */

/* Begin XCBuildConfiguration section */
		3F3D56602966C850006C1ADA /* Debug */ = {
			isa = XCBuildConfiguration;
			buildSettings = {
				ALWAYS_SEARCH_USER_PATHS = NO;
				CLANG_ANALYZER_NONNULL = YES;
				CLANG_ANALYZER_NUMBER_OBJECT_CONVERSION = YES_AGGRESSIVE;
				CLANG_CXX_LANGUAGE_STANDARD = "gnu++20";
				CLANG_ENABLE_MODULES = YES;
				CLANG_ENABLE_OBJC_ARC = YES;
				CLANG_ENABLE_OBJC_WEAK = YES;
				CLANG_WARN_BLOCK_CAPTURE_AUTORELEASING = YES;
				CLANG_WARN_BOOL_CONVERSION = YES;
				CLANG_WARN_COMMA = YES;
				CLANG_WARN_CONSTANT_CONVERSION = YES;
				CLANG_WARN_DEPRECATED_OBJC_IMPLEMENTATIONS = YES;
				CLANG_WARN_DIRECT_OBJC_ISA_USAGE = YES_ERROR;
				CLANG_WARN_DOCUMENTATION_COMMENTS = YES;
				CLANG_WARN_EMPTY_BODY = YES;
				CLANG_WARN_ENUM_CONVERSION = YES;
				CLANG_WARN_INFINITE_RECURSION = YES;
				CLANG_WARN_INT_CONVERSION = YES;
				CLANG_WARN_NON_LITERAL_NULL_CONVERSION = YES;
				CLANG_WARN_OBJC_IMPLICIT_RETAIN_SELF = YES;
				CLANG_WARN_OBJC_LITERAL_CONVERSION = YES;
				CLANG_WARN_OBJC_ROOT_CLASS = YES_ERROR;
				CLANG_WARN_QUOTED_INCLUDE_IN_FRAMEWORK_HEADER = YES;
				CLANG_WARN_RANGE_LOOP_ANALYSIS = YES;
				CLANG_WARN_STRICT_PROTOTYPES = YES;
				CLANG_WARN_SUSPICIOUS_MOVE = YES;
				CLANG_WARN_UNGUARDED_AVAILABILITY = YES_AGGRESSIVE;
				CLANG_WARN_UNREACHABLE_CODE = YES;
				CLANG_WARN__DUPLICATE_METHOD_MATCH = YES;
				COPY_PHASE_STRIP = NO;
				DEBUG_INFORMATION_FORMAT = dwarf;
				ENABLE_STRICT_OBJC_MSGSEND = YES;
				ENABLE_TESTABILITY = YES;
				GCC_C_LANGUAGE_STANDARD = gnu11;
				GCC_DYNAMIC_NO_PIC = NO;
				GCC_NO_COMMON_BLOCKS = YES;
				GCC_OPTIMIZATION_LEVEL = 0;
				GCC_PREPROCESSOR_DEFINITIONS = (
					"DEBUG=1",
					"$(inherited)",
				);
				GCC_WARN_64_TO_32_BIT_CONVERSION = YES;
				GCC_WARN_ABOUT_RETURN_TYPE = YES_ERROR;
				GCC_WARN_UNDECLARED_SELECTOR = YES;
				GCC_WARN_UNINITIALIZED_AUTOS = YES_AGGRESSIVE;
				GCC_WARN_UNUSED_FUNCTION = YES;
				GCC_WARN_UNUSED_VARIABLE = YES;
				IPHONEOS_DEPLOYMENT_TARGET = 16.2;
				MTL_ENABLE_DEBUG_INFO = INCLUDE_SOURCE;
				MTL_FAST_MATH = YES;
				ONLY_ACTIVE_ARCH = YES;
				SDKROOT = iphoneos;
			};
			name = Debug;
		};
		3F3D56612966C850006C1ADA /* Release */ = {
			isa = XCBuildConfiguration;
			buildSettings = {
				ALWAYS_SEARCH_USER_PATHS = NO;
				CLANG_ANALYZER_NONNULL = YES;
				CLANG_ANALYZER_NUMBER_OBJECT_CONVERSION = YES_AGGRESSIVE;
				CLANG_CXX_LANGUAGE_STANDARD = "gnu++20";
				CLANG_ENABLE_MODULES = YES;
				CLANG_ENABLE_OBJC_ARC = YES;
				CLANG_ENABLE_OBJC_WEAK = YES;
				CLANG_WARN_BLOCK_CAPTURE_AUTORELEASING = YES;
				CLANG_WARN_BOOL_CONVERSION = YES;
				CLANG_WARN_COMMA = YES;
				CLANG_WARN_CONSTANT_CONVERSION = YES;
				CLANG_WARN_DEPRECATED_OBJC_IMPLEMENTATIONS = YES;
				CLANG_WARN_DIRECT_OBJC_ISA_USAGE = YES_ERROR;
				CLANG_WARN_DOCUMENTATION_COMMENTS = YES;
				CLANG_WARN_EMPTY_BODY = YES;
				CLANG_WARN_ENUM_CONVERSION = YES;
				CLANG_WARN_INFINITE_RECURSION = YES;
				CLANG_WARN_INT_CONVERSION = YES;
				CLANG_WARN_NON_LITERAL_NULL_CONVERSION = YES;
				CLANG_WARN_OBJC_IMPLICIT_RETAIN_SELF = YES;
				CLANG_WARN_OBJC_LITERAL_CONVERSION = YES;
				CLANG_WARN_OBJC_ROOT_CLASS = YES_ERROR;
				CLANG_WARN_QUOTED_INCLUDE_IN_FRAMEWORK_HEADER = YES;
				CLANG_WARN_RANGE_LOOP_ANALYSIS = YES;
				CLANG_WARN_STRICT_PROTOTYPES = YES;
				CLANG_WARN_SUSPICIOUS_MOVE = YES;
				CLANG_WARN_UNGUARDED_AVAILABILITY = YES_AGGRESSIVE;
				CLANG_WARN_UNREACHABLE_CODE = YES;
				CLANG_WARN__DUPLICATE_METHOD_MATCH = YES;
				COPY_PHASE_STRIP = NO;
				DEBUG_INFORMATION_FORMAT = "dwarf-with-dsym";
				ENABLE_NS_ASSERTIONS = NO;
				ENABLE_STRICT_OBJC_MSGSEND = YES;
				GCC_C_LANGUAGE_STANDARD = gnu11;
				GCC_NO_COMMON_BLOCKS = YES;
				GCC_WARN_64_TO_32_BIT_CONVERSION = YES;
				GCC_WARN_ABOUT_RETURN_TYPE = YES_ERROR;
				GCC_WARN_UNDECLARED_SELECTOR = YES;
				GCC_WARN_UNINITIALIZED_AUTOS = YES_AGGRESSIVE;
				GCC_WARN_UNUSED_FUNCTION = YES;
				GCC_WARN_UNUSED_VARIABLE = YES;
				IPHONEOS_DEPLOYMENT_TARGET = 16.2;
				MTL_ENABLE_DEBUG_INFO = NO;
				MTL_FAST_MATH = YES;
				SDKROOT = iphoneos;
				VALIDATE_PRODUCT = YES;
			};
			name = Release;
		};
		3F3D56632966C850006C1ADA /* Debug */ = {
			isa = XCBuildConfiguration;
			buildSettings = {
				ASSETCATALOG_COMPILER_APPICON_NAME = AppIcon;
				ASSETCATALOG_COMPILER_GLOBAL_ACCENT_COLOR_NAME = AccentColor;
				CODE_SIGN_STYLE = Automatic;
				CURRENT_PROJECT_VERSION = 1;
				DEVELOPMENT_TEAM = 9964C8R9V2;
				GENERATE_INFOPLIST_FILE = YES;
				INFOPLIST_FILE = antidebug/Info.plist;
				INFOPLIST_KEY_UIApplicationSupportsIndirectInputEvents = YES;
				INFOPLIST_KEY_UILaunchStoryboardName = LaunchScreen;
				INFOPLIST_KEY_UIMainStoryboardFile = Main;
				INFOPLIST_KEY_UISupportedInterfaceOrientations_iPad = "UIInterfaceOrientationPortrait UIInterfaceOrientationPortraitUpsideDown UIInterfaceOrientationLandscapeLeft UIInterfaceOrientationLandscapeRight";
				INFOPLIST_KEY_UISupportedInterfaceOrientations_iPhone = "UIInterfaceOrientationPortrait UIInterfaceOrientationLandscapeLeft UIInterfaceOrientationLandscapeRight";
				IPHONEOS_DEPLOYMENT_TARGET = 13.2;
				LD_RUNPATH_SEARCH_PATHS = (
					"$(inherited)",
					"@executable_path/Frameworks",
				);
				MARKETING_VERSION = 1.0;
				OTHER_LDFLAGS = "";
				PRODUCT_BUNDLE_IDENTIFIER = com.test.antidebug;
				PRODUCT_NAME = "$(TARGET_NAME)";
				SWIFT_EMIT_LOC_STRINGS = YES;
				TARGETED_DEVICE_FAMILY = "1,2";
			};
			name = Debug;
		};
		3F3D56642966C850006C1ADA /* Release */ = {
			isa = XCBuildConfiguration;
			buildSettings = {
				ASSETCATALOG_COMPILER_APPICON_NAME = AppIcon;
				ASSETCATALOG_COMPILER_GLOBAL_ACCENT_COLOR_NAME = AccentColor;
				CODE_SIGN_STYLE = Automatic;
				CURRENT_PROJECT_VERSION = 1;
				DEVELOPMENT_TEAM = 9964C8R9V2;
				GENERATE_INFOPLIST_FILE = YES;
				INFOPLIST_FILE = antidebug/Info.plist;
				INFOPLIST_KEY_UIApplicationSupportsIndirectInputEvents = YES;
				INFOPLIST_KEY_UILaunchStoryboardName = LaunchScreen;
				INFOPLIST_KEY_UIMainStoryboardFile = Main;
				INFOPLIST_KEY_UISupportedInterfaceOrientations_iPad = "UIInterfaceOrientationPortrait UIInterfaceOrientationPortraitUpsideDown UIInterfaceOrientationLandscapeLeft UIInterfaceOrientationLandscapeRight";
				INFOPLIST_KEY_UISupportedInterfaceOrientations_iPhone = "UIInterfaceOrientationPortrait UIInterfaceOrientationLandscapeLeft UIInterfaceOrientationLandscapeRight";
				IPHONEOS_DEPLOYMENT_TARGET = 13.2;
				LD_RUNPATH_SEARCH_PATHS = (
					"$(inherited)",
					"@executable_path/Frameworks",
				);
				MARKETING_VERSION = 1.0;
				OTHER_LDFLAGS = "";
				PRODUCT_BUNDLE_IDENTIFIER = com.test.antidebug;
				PRODUCT_NAME = "$(TARGET_NAME)";
				SWIFT_EMIT_LOC_STRINGS = YES;
				TARGETED_DEVICE_FAMILY = "1,2";
			};
			name = Release;
		};
/* End XCBuildConfiguration section */

/* Begin XCConfigurationList section */
		3F3D56442966C84E006C1ADA /* Build configuration list for PBXProject "antidebug" */ = {
			isa = XCConfigurationList;
			buildConfigurations = (
				3F3D56602966C850006C1ADA /* Debug */,
				3F3D56612966C850006C1ADA /* Release */,
			);
			defaultConfigurationIsVisible = 0;
			defaultConfigurationName = Release;
		};
		3F3D56622966C850006C1ADA /* Build configuration list for PBXNativeTarget "antidebug" */ = {
			isa = XCConfigurationList;
			buildConfigurations = (
				3F3D56632966C850006C1ADA /* Debug */,
				3F3D56642966C850006C1ADA /* Release */,
			);
			defaultConfigurationIsVisible = 0;
			defaultConfigurationName = Release;
		};
/* End XCConfigurationList section */
	};
	rootObject = 3F3D56412966C84E006C1ADA /* Project object */;
}
