// !$*UTF8*$!
{
	archiveVersion = 1;
	classes = {
	};
	objectVersion = 55;
	objects = {

/* Begin PBXBuildFile section */
		9541F8382965BD6E0097CF7E /* AppDelegate.m in Sources */ = {isa = PBXBuildFile; fileRef = 9541F8372965BD6E0097CF7E /* AppDelegate.m */; };
		9541F83B2965BD6E0097CF7E /* SceneDelegate.m in Sources */ = {isa = PBXBuildFile; fileRef = 9541F83A2965BD6E0097CF7E /* SceneDelegate.m */; };
		9541F83E2965BD6E0097CF7E /* ViewController.m in Sources */ = {isa = PBXBuildFile; fileRef = 9541F83D2965BD6E0097CF7E /* ViewController.m */; };
		9541F8412965BD6E0097CF7E /* Main.storyboard in Resources */ = {isa = PBXBuildFile; fileRef = 9541F83F2965BD6E0097CF7E /* Main.storyboard */; };
		9541F8432965BD6F0097CF7E /* Assets.xcassets in Resources */ = {isa = PBXBuildFile; fileRef = 9541F8422965BD6F0097CF7E /* Assets.xcassets */; };
		9541F8462965BD6F0097CF7E /* LaunchScreen.storyboard in Resources */ = {isa = PBXBuildFile; fileRef = 9541F8442965BD6F0097CF7E /* LaunchScreen.storyboard */; };
		9541F8492965BD6F0097CF7E /* main.m in Sources */ = {isa = PBXBuildFile; fileRef = 9541F8482965BD6F0097CF7E /* main.m */; };
/* End PBXBuildFile section */

/* Begin PBXFileReference section */
		9541F8332965BD6E0097CF7E /* Obfuscator.app */ = {isa = PBXFileReference; explicitFileType = wrapper.application; includeInIndex = 0; path = Obfuscator.app; sourceTree = BUILT_PRODUCTS_DIR; };
		9541F8362965BD6E0097CF7E /* AppDelegate.h */ = {isa = PBXFileReference; lastKnownFileType = sourcecode.c.h; path = AppDelegate.h; sourceTree = "<group>"; };
		9541F8372965BD6E0097CF7E /* AppDelegate.m */ = {isa = PBXFileReference; lastKnownFileType = sourcecode.c.objc; path = AppDelegate.m; sourceTree = "<group>"; };
		9541F8392965BD6E0097CF7E /* SceneDelegate.h */ = {isa = PBXFileReference; lastKnownFileType = sourcecode.c.h; path = SceneDelegate.h; sourceTree = "<group>"; };
		9541F83A2965BD6E0097CF7E /* SceneDelegate.m */ = {isa = PBXFileReference; lastKnownFileType = sourcecode.c.objc; path = SceneDelegate.m; sourceTree = "<group>"; };
		9541F83C2965BD6E0097CF7E /* ViewController.h */ = {isa = PBXFileReference; lastKnownFileType = sourcecode.c.h; path = ViewController.h; sourceTree = "<group>"; };
		9541F83D2965BD6E0097CF7E /* ViewController.m */ = {isa = PBXFileReference; lastKnownFileType = sourcecode.c.objc; path = ViewController.m; sourceTree = "<group>"; };
		9541F8402965BD6E0097CF7E /* Base */ = {isa = PBXFileReference; lastKnownFileType = file.storyboard; name = Base; path = Base.lproj/Main.storyboard; sourceTree = "<group>"; };
		9541F8422965BD6F0097CF7E /* Assets.xcassets */ = {isa = PBXFileReference; lastKnownFileType = folder.assetcatalog; path = Assets.xcassets; sourceTree = "<group>"; };
		9541F8452965BD6F0097CF7E /* Base */ = {isa = PBXFileReference; lastKnownFileType = file.storyboard; name = Base; path = Base.lproj/LaunchScreen.storyboard; sourceTree = "<group>"; };
		9541F8472965BD6F0097CF7E /* Info.plist */ = {isa = PBXFileReference; lastKnownFileType = text.plist.xml; path = Info.plist; sourceTree = "<group>"; };
		9541F8482965BD6F0097CF7E /* main.m */ = {isa = PBXFileReference; lastKnownFileType = sourcecode.c.objc; path = main.m; sourceTree = "<group>"; };
/* End PBXFileReference section */

/* Begin PBXFrameworksBuildPhase section */
		9541F8302965BD6E0097CF7E /* Frameworks */ = {
			isa = PBXFrameworksBuildPhase;
			buildActionMask = 2147483647;
			files = (
			);
			runOnlyForDeploymentPostprocessing = 0;
		};
/* End PBXFrameworksBuildPhase section */

/* Begin PBXGroup section */
		9541F82A2965BD6E0097CF7E = {
			isa = PBXGroup;
			children = (
				9541F8352965BD6E0097CF7E /* Obfuscator */,
				9541F8342965BD6E0097CF7E /* Products */,
			);
			sourceTree = "<group>";
		};
		9541F8342965BD6E0097CF7E /* Products */ = {
			isa = PBXGroup;
			children = (
				9541F8332965BD6E0097CF7E /* Obfuscator.app */,
			);
			name = Products;
			sourceTree = "<group>";
		};
		9541F8352965BD6E0097CF7E /* Obfuscator */ = {
			isa = PBXGroup;
			children = (
				9541F8362965BD6E0097CF7E /* AppDelegate.h */,
				9541F8372965BD6E0097CF7E /* AppDelegate.m */,
				9541F8392965BD6E0097CF7E /* SceneDelegate.h */,
				9541F83A2965BD6E0097CF7E /* SceneDelegate.m */,
				9541F83C2965BD6E0097CF7E /* ViewController.h */,
				9541F83D2965BD6E0097CF7E /* ViewController.m */,
				9541F83F2965BD6E0097CF7E /* Main.storyboard */,
				9541F8422965BD6F0097CF7E /* Assets.xcassets */,
				9541F8442965BD6F0097CF7E /* LaunchScreen.storyboard */,
				9541F8472965BD6F0097CF7E /* Info.plist */,
				9541F8482965BD6F0097CF7E /* main.m */,
			);
			path = Obfuscator;
			sourceTree = "<group>";
		};
/* End PBXGroup section */

/* Begin PBXNativeTarget section */
		9541F8322965BD6E0097CF7E /* Obfuscator */ = {
			isa = PBXNativeTarget;
			buildConfigurationList = 9541F84C2965BD6F0097CF7E /* Build configuration list for PBXNativeTarget "Obfuscator" */;
			buildPhases = (
				9541F82F2965BD6E0097CF7E /* Sources */,
				9541F8302965BD6E0097CF7E /* Frameworks */,
				9541F8312965BD6E0097CF7E /* Resources */,
			);
			buildRules = (
			);
			dependencies = (
			);
			name = Obfuscator;
			productName = Obfuscator;
			productReference = 9541F8332965BD6E0097CF7E /* Obfuscator.app */;
			productType = "com.apple.product-type.application";
		};
/* End PBXNativeTarget section */

/* Begin PBXProject section */
		9541F82B2965BD6E0097CF7E /* Project object */ = {
			isa = PBXProject;
			attributes = {
				BuildIndependentTargetsInParallel = 1;
				LastUpgradeCheck = 1300;
				TargetAttributes = {
					9541F8322965BD6E0097CF7E = {
						CreatedOnToolsVersion = 13.0;
					};
				};
			};
			buildConfigurationList = 9541F82E2965BD6E0097CF7E /* Build configuration list for PBXProject "Obfuscator" */;
			compatibilityVersion = "Xcode 13.0";
			developmentRegion = en;
			hasScannedForEncodings = 0;
			knownRegions = (
				en,
				Base,
			);
			mainGroup = 9541F82A2965BD6E0097CF7E;
			productRefGroup = 9541F8342965BD6E0097CF7E /* Products */;
			projectDirPath = "";
			projectRoot = "";
			targets = (
				9541F8322965BD6E0097CF7E /* Obfuscator */,
			);
		};
/* End PBXProject section */

/* Begin PBXResourcesBuildPhase section */
		9541F8312965BD6E0097CF7E /* Resources */ = {
			isa = PBXResourcesBuildPhase;
			buildActionMask = 2147483647;
			files = (
				9541F8462965BD6F0097CF7E /* LaunchScreen.storyboard in Resources */,
				9541F8432965BD6F0097CF7E /* Assets.xcassets in Resources */,
				9541F8412965BD6E0097CF7E /* Main.storyboard in Resources */,
			);
			runOnlyForDeploymentPostprocessing = 0;
		};
/* End PBXResourcesBuildPhase section */

/* Begin PBXSourcesBuildPhase section */
		9541F82F2965BD6E0097CF7E /* Sources */ = {
			isa = PBXSourcesBuildPhase;
			buildActionMask = 2147483647;
			files = (
				9541F83E2965BD6E0097CF7E /* ViewController.m in Sources */,
				9541F8382965BD6E0097CF7E /* AppDelegate.m in Sources */,
				9541F8492965BD6F0097CF7E /* main.m in Sources */,
				9541F83B2965BD6E0097CF7E /* SceneDelegate.m in Sources */,
			);
			runOnlyForDeploymentPostprocessing = 0;
		};
/* End PBXSourcesBuildPhase section */

/* Begin PBXVariantGroup section */
		9541F83F2965BD6E0097CF7E /* Main.storyboard */ = {
			isa = PBXVariantGroup;
			children = (
				9541F8402965BD6E0097CF7E /* Base */,
			);
			name = Main.storyboard;
			sourceTree = "<group>";
		};
		9541F8442965BD6F0097CF7E /* LaunchScreen.storyboard */ = {
			isa = PBXVariantGroup;
			children = (
				9541F8452965BD6F0097CF7E /* Base */,
			);
			name = LaunchScreen.storyboard;
			sourceTree = "<group>";
		};
/* End PBXVariantGroup section */

/* Begin XCBuildConfiguration section */
		9541F84A2965BD6F0097CF7E /* Debug */ = {
			isa = XCBuildConfiguration;
			buildSettings = {
				ALWAYS_SEARCH_USER_PATHS = NO;
				CLANG_ANALYZER_NONNULL = YES;
				CLANG_ANALYZER_NUMBER_OBJECT_CONVERSION = YES_AGGRESSIVE;
				CLANG_CXX_LANGUAGE_STANDARD = "gnu++17";
				CLANG_CXX_LIBRARY = "libc++";
				CLANG_ENABLE_MODULES = YES;
				CLANG_ENABLE_OBJC_ARC = YES;
				CLANG_ENABLE_OBJC_WEAK = YES;
				CLANG_WARN_BLOCK_CAPTURE_AUTORELEASING = YES;
				CLANG_WARN_BOOL_CONVERSION = YES;
				CLANG_WARN_COMMA = YES;
				CLANG_WARN_CONSTANT_CONVERSION = YES;
				CLANG_WARN_DEPRECATED_OBJC_IMPLEMENTATIONS = YES;
				CLANG_WARN_DIRECT_OBJC_ISA_USAGE = YES_ERROR;
				CLANG_WARN_DOCUMENTATION_COMMENTS = YES;
				CLANG_WARN_EMPTY_BODY = YES;
				CLANG_WARN_ENUM_CONVERSION = YES;
				CLANG_WARN_INFINITE_RECURSION = YES;
				CLANG_WARN_INT_CONVERSION = YES;
				CLANG_WARN_NON_LITERAL_NULL_CONVERSION = YES;
				CLANG_WARN_OBJC_IMPLICIT_RETAIN_SELF = YES;
				CLANG_WARN_OBJC_LITERAL_CONVERSION = YES;
				CLANG_WARN_OBJC_ROOT_CLASS = YES_ERROR;
				CLANG_WARN_QUOTED_INCLUDE_IN_FRAMEWORK_HEADER = YES;
				CLANG_WARN_RANGE_LOOP_ANALYSIS = YES;
				CLANG_WARN_STRICT_PROTOTYPES = YES;
				CLANG_WARN_SUSPICIOUS_MOVE = YES;
				CLANG_WARN_UNGUARDED_AVAILABILITY = YES_AGGRESSIVE;
				CLANG_WARN_UNREACHABLE_CODE = YES;
				CLANG_WARN__DUPLICATE_METHOD_MATCH = YES;
				COPY_PHASE_STRIP = NO;
				DEBUG_INFORMATION_FORMAT = dwarf;
				ENABLE_STRICT_OBJC_MSGSEND = YES;
				ENABLE_TESTABILITY = YES;
				GCC_C_LANGUAGE_STANDARD = gnu11;
				GCC_DYNAMIC_NO_PIC = NO;
				GCC_NO_COMMON_BLOCKS = YES;
				GCC_OPTIMIZATION_LEVEL = 0;
				GCC_PREPROCESSOR_DEFINITIONS = (
					"DEBUG=1",
					"$(inherited)",
				);
				GCC_WARN_64_TO_32_BIT_CONVERSION = YES;
				GCC_WARN_ABOUT_RETURN_TYPE = YES_ERROR;
				GCC_WARN_UNDECLARED_SELECTOR = YES;
				GCC_WARN_UNINITIALIZED_AUTOS = YES_AGGRESSIVE;
				GCC_WARN_UNUSED_FUNCTION = YES;
				GCC_WARN_UNUSED_VARIABLE = YES;
				IPHONEOS_DEPLOYMENT_TARGET = 15.0;
				MTL_ENABLE_DEBUG_INFO = INCLUDE_SOURCE;
				MTL_FAST_MATH = YES;
				ONLY_ACTIVE_ARCH = YES;
				SDKROOT = iphoneos;
			};
			name = Debug;
		};
		9541F84B2965BD6F0097CF7E /* Release */ = {
			isa = XCBuildConfiguration;
			buildSettings = {
				ALWAYS_SEARCH_USER_PATHS = NO;
				CLANG_ANALYZER_NONNULL = YES;
				CLANG_ANALYZER_NUMBER_OBJECT_CONVERSION = YES_AGGRESSIVE;
				CLANG_CXX_LANGUAGE_STANDARD = "gnu++17";
				CLANG_CXX_LIBRARY = "libc++";
				CLANG_ENABLE_MODULES = YES;
				CLANG_ENABLE_OBJC_ARC = YES;
				CLANG_ENABLE_OBJC_WEAK = YES;
				CLANG_WARN_BLOCK_CAPTURE_AUTORELEASING = YES;
				CLANG_WARN_BOOL_CONVERSION = YES;
				CLANG_WARN_COMMA = YES;
				CLANG_WARN_CONSTANT_CONVERSION = YES;
				CLANG_WARN_DEPRECATED_OBJC_IMPLEMENTATIONS = YES;
				CLANG_WARN_DIRECT_OBJC_ISA_USAGE = YES_ERROR;
				CLANG_WARN_DOCUMENTATION_COMMENTS = YES;
				CLANG_WARN_EMPTY_BODY = YES;
				CLANG_WARN_ENUM_CONVERSION = YES;
				CLANG_WARN_INFINITE_RECURSION = YES;
				CLANG_WARN_INT_CONVERSION = YES;
				CLANG_WARN_NON_LITERAL_NULL_CONVERSION = YES;
				CLANG_WARN_OBJC_IMPLICIT_RETAIN_SELF = YES;
				CLANG_WARN_OBJC_LITERAL_CONVERSION = YES;
				CLANG_WARN_OBJC_ROOT_CLASS = YES_ERROR;
				CLANG_WARN_QUOTED_INCLUDE_IN_FRAMEWORK_HEADER = YES;
				CLANG_WARN_RANGE_LOOP_ANALYSIS = YES;
				CLANG_WARN_STRICT_PROTOTYPES = YES;
				CLANG_WARN_SUSPICIOUS_MOVE = YES;
				CLANG_WARN_UNGUARDED_AVAILABILITY = YES_AGGRESSIVE;
				CLANG_WARN_UNREACHABLE_CODE = YES;
				CLANG_WARN__DUPLICATE_METHOD_MATCH = YES;
				COPY_PHASE_STRIP = NO;
				DEBUG_INFORMATION_FORMAT = "dwarf-with-dsym";
				ENABLE_NS_ASSERTIONS = NO;
				ENABLE_STRICT_OBJC_MSGSEND = YES;
				GCC_C_LANGUAGE_STANDARD = gnu11;
				GCC_NO_COMMON_BLOCKS = YES;
				GCC_WARN_64_TO_32_BIT_CONVERSION = YES;
				GCC_WARN_ABOUT_RETURN_TYPE = YES_ERROR;
				GCC_WARN_UNDECLARED_SELECTOR = YES;
				GCC_WARN_UNINITIALIZED_AUTOS = YES_AGGRESSIVE;
				GCC_WARN_UNUSED_FUNCTION = YES;
				GCC_WARN_UNUSED_VARIABLE = YES;
				IPHONEOS_DEPLOYMENT_TARGET = 15.0;
				MTL_ENABLE_DEBUG_INFO = NO;
				MTL_FAST_MATH = YES;
				SDKROOT = iphoneos;
				VALIDATE_PRODUCT = YES;
			};
			name = Release;
		};
		9541F84D2965BD6F0097CF7E /* Debug */ = {
			isa = XCBuildConfiguration;
			buildSettings = {
				ASSETCATALOG_COMPILER_APPICON_NAME = AppIcon;
				ASSETCATALOG_COMPILER_GLOBAL_ACCENT_COLOR_NAME = AccentColor;
				CODE_SIGN_STYLE = Automatic;
				COMPILER_INDEX_STORE_ENABLE = NO;
				CURRENT_PROJECT_VERSION = 1;
				DEVELOPMENT_TEAM = 9964C8R9V2;
				ENABLE_BITCODE = NO;
				GCC_OPTIMIZATION_LEVEL = 0;
				GENERATE_INFOPLIST_FILE = YES;
				INFOPLIST_FILE = Obfuscator/Info.plist;
				INFOPLIST_KEY_UIApplicationSupportsIndirectInputEvents = YES;
				INFOPLIST_KEY_UILaunchStoryboardName = LaunchScreen;
				INFOPLIST_KEY_UIMainStoryboardFile = Main;
				INFOPLIST_KEY_UISupportedInterfaceOrientations_iPad = "UIInterfaceOrientationPortrait UIInterfaceOrientationPortraitUpsideDown UIInterfaceOrientationLandscapeLeft UIInterfaceOrientationLandscapeRight";
				INFOPLIST_KEY_UISupportedInterfaceOrientations_iPhone = "UIInterfaceOrientationPortrait UIInterfaceOrientationLandscapeLeft UIInterfaceOrientationLandscapeRight";
				IPHONEOS_DEPLOYMENT_TARGET = 13.2;
				LD_RUNPATH_SEARCH_PATHS = (
					"$(inherited)",
					"@executable_path/Frameworks",
				);
				MARKETING_VERSION = 1.0;
				PRODUCT_BUNDLE_IDENTIFIER = com.test.Obfuscator;
				PRODUCT_NAME = "$(TARGET_NAME)";
				SWIFT_EMIT_LOC_STRINGS = YES;
				TARGETED_DEVICE_FAMILY = 1;
			};
			name = Debug;
		};
		9541F84E2965BD6F0097CF7E /* Release */ = {
			isa = XCBuildConfiguration;
			buildSettings = {
				ASSETCATALOG_COMPILER_APPICON_NAME = AppIcon;
				ASSETCATALOG_COMPILER_GLOBAL_ACCENT_COLOR_NAME = AccentColor;
				CODE_SIGN_STYLE = Automatic;
				COMPILER_INDEX_STORE_ENABLE = NO;
				CURRENT_PROJECT_VERSION = 1;
				DEVELOPMENT_TEAM = 9964C8R9V2;
				ENABLE_BITCODE = NO;
				GCC_OPTIMIZATION_LEVEL = 0;
				GENERATE_INFOPLIST_FILE = YES;
				INFOPLIST_FILE = Obfuscator/Info.plist;
				INFOPLIST_KEY_UIApplicationSupportsIndirectInputEvents = YES;
				INFOPLIST_KEY_UILaunchStoryboardName = LaunchScreen;
				INFOPLIST_KEY_UIMainStoryboardFile = Main;
				INFOPLIST_KEY_UISupportedInterfaceOrientations_iPad = "UIInterfaceOrientationPortrait UIInterfaceOrientationPortraitUpsideDown UIInterfaceOrientationLandscapeLeft UIInterfaceOrientationLandscapeRight";
				INFOPLIST_KEY_UISupportedInterfaceOrientations_iPhone = "UIInterfaceOrientationPortrait UIInterfaceOrientationLandscapeLeft UIInterfaceOrientationLandscapeRight";
				IPHONEOS_DEPLOYMENT_TARGET = 13.2;
				LD_RUNPATH_SEARCH_PATHS = (
					"$(inherited)",
					"@executable_path/Frameworks",
				);
				MARKETING_VERSION = 1.0;
				PRODUCT_BUNDLE_IDENTIFIER = com.test.Obfuscator;
				PRODUCT_NAME = "$(TARGET_NAME)";
				SWIFT_EMIT_LOC_STRINGS = YES;
				TARGETED_DEVICE_FAMILY = 1;
			};
			name = Release;
		};
/* End XCBuildConfiguration section */

/* Begin XCConfigurationList section */
		9541F82E2965BD6E0097CF7E /* Build configuration list for PBXProject "Obfuscator" */ = {
			isa = XCConfigurationList;
			buildConfigurations = (
				9541F84A2965BD6F0097CF7E /* Debug */,
				9541F84B2965BD6F0097CF7E /* Release */,
			);
			defaultConfigurationIsVisible = 0;
			defaultConfigurationName = Release;
		};
		9541F84C2965BD6F0097CF7E /* Build configuration list for PBXNativeTarget "Obfuscator" */ = {
			isa = XCConfigurationList;
			buildConfigurations = (
				9541F84D2965BD6F0097CF7E /* Debug */,
				9541F84E2965BD6F0097CF7E /* Release */,
			);
			defaultConfigurationIsVisible = 0;
			defaultConfigurationName = Release;
		};
/* End XCConfigurationList section */
	};
	rootObject = 9541F82B2965BD6E0097CF7E /* Project object */;
}
