// !$*UTF8*$!
{
	archiveVersion = 1;
	classes = {
	};
	objectVersion = 55;
	objects = {

/* Begin PBXBuildFile section */
		3FC216A0282E57A200B6E36D /* AppDelegate.m in Sources */ = {isa = PBXBuildFile; fileRef = 3FC2169F282E57A200B6E36D /* AppDelegate.m */; };
		3FC216A3282E57A200B6E36D /* SceneDelegate.m in Sources */ = {isa = PBXBuildFile; fileRef = 3FC216A2282E57A200B6E36D /* SceneDelegate.m */; };
		3FC216A6282E57A200B6E36D /* ViewController.m in Sources */ = {isa = PBXBuildFile; fileRef = 3FC216A5282E57A200B6E36D /* ViewController.m */; };
		3FC216A9282E57A200B6E36D /* Main.storyboard in Resources */ = {isa = PBXBuildFile; fileRef = 3FC216A7282E57A200B6E36D /* Main.storyboard */; };
		3FC216AB282E57A400B6E36D /* Assets.xcassets in Resources */ = {isa = PBXBuildFile; fileRef = 3FC216AA282E57A400B6E36D /* Assets.xcassets */; };
		3FC216AE282E57A400B6E36D /* LaunchScreen.storyboard in Resources */ = {isa = PBXBuildFile; fileRef = 3FC216AC282E57A400B6E36D /* LaunchScreen.storyboard */; };
		3FC216B1282E57A400B6E36D /* main.m in Sources */ = {isa = PBXBuildFile; fileRef = 3FC216B0282E57A400B6E36D /* main.m */; };
		3FC216BB282E57A500B6E36D /* PreventMITMTests.m in Sources */ = {isa = PBXBuildFile; fileRef = 3FC216BA282E57A500B6E36D /* PreventMITMTests.m */; };
		3FC216C5282E57A500B6E36D /* PreventMITMUITests.m in Sources */ = {isa = PBXBuildFile; fileRef = 3FC216C4282E57A500B6E36D /* PreventMITMUITests.m */; };
		3FC216C7282E57A500B6E36D /* PreventMITMUITestsLaunchTests.m in Sources */ = {isa = PBXBuildFile; fileRef = 3FC216C6282E57A500B6E36D /* PreventMITMUITestsLaunchTests.m */; };
		3FF224B12833B0A100CB7E6A /* PreventMitm.m in Sources */ = {isa = PBXBuildFile; fileRef = 3FF224B02833B0A100CB7E6A /* PreventMitm.m */; };
/* End PBXBuildFile section */

/* Begin PBXContainerItemProxy section */
		3FC216B7282E57A500B6E36D /* PBXContainerItemProxy */ = {
			isa = PBXContainerItemProxy;
			containerPortal = 3FC21693282E57A200B6E36D /* Project object */;
			proxyType = 1;
			remoteGlobalIDString = 3FC2169A282E57A200B6E36D;
			remoteInfo = PreventMITM;
		};
		3FC216C1282E57A500B6E36D /* PBXContainerItemProxy */ = {
			isa = PBXContainerItemProxy;
			containerPortal = 3FC21693282E57A200B6E36D /* Project object */;
			proxyType = 1;
			remoteGlobalIDString = 3FC2169A282E57A200B6E36D;
			remoteInfo = PreventMITM;
		};
/* End PBXContainerItemProxy section */

/* Begin PBXFileReference section */
		3FC2169B282E57A200B6E36D /* PreventMITM.app */ = {isa = PBXFileReference; explicitFileType = wrapper.application; includeInIndex = 0; path = PreventMITM.app; sourceTree = BUILT_PRODUCTS_DIR; };
		3FC2169E282E57A200B6E36D /* AppDelegate.h */ = {isa = PBXFileReference; lastKnownFileType = sourcecode.c.h; path = AppDelegate.h; sourceTree = "<group>"; };
		3FC2169F282E57A200B6E36D /* AppDelegate.m */ = {isa = PBXFileReference; lastKnownFileType = sourcecode.c.objc; path = AppDelegate.m; sourceTree = "<group>"; };
		3FC216A1282E57A200B6E36D /* SceneDelegate.h */ = {isa = PBXFileReference; lastKnownFileType = sourcecode.c.h; path = SceneDelegate.h; sourceTree = "<group>"; };
		3FC216A2282E57A200B6E36D /* SceneDelegate.m */ = {isa = PBXFileReference; lastKnownFileType = sourcecode.c.objc; path = SceneDelegate.m; sourceTree = "<group>"; };
		3FC216A4282E57A200B6E36D /* ViewController.h */ = {isa = PBXFileReference; lastKnownFileType = sourcecode.c.h; path = ViewController.h; sourceTree = "<group>"; };
		3FC216A5282E57A200B6E36D /* ViewController.m */ = {isa = PBXFileReference; lastKnownFileType = sourcecode.c.objc; path = ViewController.m; sourceTree = "<group>"; };
		3FC216A8282E57A200B6E36D /* Base */ = {isa = PBXFileReference; lastKnownFileType = file.storyboard; name = Base; path = Base.lproj/Main.storyboard; sourceTree = "<group>"; };
		3FC216AA282E57A400B6E36D /* Assets.xcassets */ = {isa = PBXFileReference; lastKnownFileType = folder.assetcatalog; path = Assets.xcassets; sourceTree = "<group>"; };
		3FC216AD282E57A400B6E36D /* Base */ = {isa = PBXFileReference; lastKnownFileType = file.storyboard; name = Base; path = Base.lproj/LaunchScreen.storyboard; sourceTree = "<group>"; };
		3FC216AF282E57A400B6E36D /* Info.plist */ = {isa = PBXFileReference; lastKnownFileType = text.plist.xml; path = Info.plist; sourceTree = "<group>"; };
		3FC216B0282E57A400B6E36D /* main.m */ = {isa = PBXFileReference; lastKnownFileType = sourcecode.c.objc; path = main.m; sourceTree = "<group>"; };
		3FC216B6282E57A500B6E36D /* PreventMITMTests.xctest */ = {isa = PBXFileReference; explicitFileType = wrapper.cfbundle; includeInIndex = 0; path = PreventMITMTests.xctest; sourceTree = BUILT_PRODUCTS_DIR; };
		3FC216BA282E57A500B6E36D /* PreventMITMTests.m */ = {isa = PBXFileReference; lastKnownFileType = sourcecode.c.objc; path = PreventMITMTests.m; sourceTree = "<group>"; };
		3FC216C0282E57A500B6E36D /* PreventMITMUITests.xctest */ = {isa = PBXFileReference; explicitFileType = wrapper.cfbundle; includeInIndex = 0; path = PreventMITMUITests.xctest; sourceTree = BUILT_PRODUCTS_DIR; };
		3FC216C4282E57A500B6E36D /* PreventMITMUITests.m */ = {isa = PBXFileReference; lastKnownFileType = sourcecode.c.objc; path = PreventMITMUITests.m; sourceTree = "<group>"; };
		3FC216C6282E57A500B6E36D /* PreventMITMUITestsLaunchTests.m */ = {isa = PBXFileReference; lastKnownFileType = sourcecode.c.objc; path = PreventMITMUITestsLaunchTests.m; sourceTree = "<group>"; };
		3FF224B02833B0A100CB7E6A /* PreventMitm.m */ = {isa = PBXFileReference; lastKnownFileType = sourcecode.c.objc; path = PreventMitm.m; sourceTree = "<group>"; };
		3FF224B22833B0BC00CB7E6A /* PreventMitm.h */ = {isa = PBXFileReference; lastKnownFileType = sourcecode.c.h; path = PreventMitm.h; sourceTree = "<group>"; };
/* End PBXFileReference section */

/* Begin PBXFrameworksBuildPhase section */
		3FC21698282E57A200B6E36D /* Frameworks */ = {
			isa = PBXFrameworksBuildPhase;
			buildActionMask = 2147483647;
			files = (
			);
			runOnlyForDeploymentPostprocessing = 0;
		};
		3FC216B3282E57A500B6E36D /* Frameworks */ = {
			isa = PBXFrameworksBuildPhase;
			buildActionMask = 2147483647;
			files = (
			);
			runOnlyForDeploymentPostprocessing = 0;
		};
		3FC216BD282E57A500B6E36D /* Frameworks */ = {
			isa = PBXFrameworksBuildPhase;
			buildActionMask = 2147483647;
			files = (
			);
			runOnlyForDeploymentPostprocessing = 0;
		};
/* End PBXFrameworksBuildPhase section */

/* Begin PBXGroup section */
		3FC21692282E57A200B6E36D = {
			isa = PBXGroup;
			children = (
				3FC2169D282E57A200B6E36D /* PreventMITM */,
				3FC216B9282E57A500B6E36D /* PreventMITMTests */,
				3FC216C3282E57A500B6E36D /* PreventMITMUITests */,
				3FC2169C282E57A200B6E36D /* Products */,
			);
			sourceTree = "<group>";
		};
		3FC2169C282E57A200B6E36D /* Products */ = {
			isa = PBXGroup;
			children = (
				3FC2169B282E57A200B6E36D /* PreventMITM.app */,
				3FC216B6282E57A500B6E36D /* PreventMITMTests.xctest */,
				3FC216C0282E57A500B6E36D /* PreventMITMUITests.xctest */,
			);
			name = Products;
			sourceTree = "<group>";
		};
		3FC2169D282E57A200B6E36D /* PreventMITM */ = {
			isa = PBXGroup;
			children = (
				3FF224B5283480F700CB7E6A /* AFNetworking */,
				3FC2169E282E57A200B6E36D /* AppDelegate.h */,
				3FC2169F282E57A200B6E36D /* AppDelegate.m */,
				3FC216A1282E57A200B6E36D /* SceneDelegate.h */,
				3FC216A2282E57A200B6E36D /* SceneDelegate.m */,
				3FC216A4282E57A200B6E36D /* ViewController.h */,
				3FC216A5282E57A200B6E36D /* ViewController.m */,
				3FC216A7282E57A200B6E36D /* Main.storyboard */,
				3FC216AA282E57A400B6E36D /* Assets.xcassets */,
				3FC216AC282E57A400B6E36D /* LaunchScreen.storyboard */,
				3FC216AF282E57A400B6E36D /* Info.plist */,
				3FC216B0282E57A400B6E36D /* main.m */,
				3FF224B02833B0A100CB7E6A /* PreventMitm.m */,
				3FF224B22833B0BC00CB7E6A /* PreventMitm.h */,
			);
			path = PreventMITM;
			sourceTree = "<group>";
		};
		3FC216B9282E57A500B6E36D /* PreventMITMTests */ = {
			isa = PBXGroup;
			children = (
				3FC216BA282E57A500B6E36D /* PreventMITMTests.m */,
			);
			path = PreventMITMTests;
			sourceTree = "<group>";
		};
		3FC216C3282E57A500B6E36D /* PreventMITMUITests */ = {
			isa = PBXGroup;
			children = (
				3FC216C4282E57A500B6E36D /* PreventMITMUITests.m */,
				3FC216C6282E57A500B6E36D /* PreventMITMUITestsLaunchTests.m */,
			);
			path = PreventMITMUITests;
			sourceTree = "<group>";
		};
		3FF224B5283480F700CB7E6A /* AFNetworking */ = {
			isa = PBXGroup;
			children = (
			);
			path = AFNetworking;
			sourceTree = "<group>";
		};
/* End PBXGroup section */

/* Begin PBXNativeTarget section */
		3FC2169A282E57A200B6E36D /* PreventMITM */ = {
			isa = PBXNativeTarget;
			buildConfigurationList = 3FC216CA282E57A500B6E36D /* Build configuration list for PBXNativeTarget "PreventMITM" */;
			buildPhases = (
				3FC21697282E57A200B6E36D /* Sources */,
				3FC21698282E57A200B6E36D /* Frameworks */,
				3FC21699282E57A200B6E36D /* Resources */,
			);
			buildRules = (
			);
			dependencies = (
			);
			name = PreventMITM;
			productName = PreventMITM;
			productReference = 3FC2169B282E57A200B6E36D /* PreventMITM.app */;
			productType = "com.apple.product-type.application";
		};
		3FC216B5282E57A500B6E36D /* PreventMITMTests */ = {
			isa = PBXNativeTarget;
			buildConfigurationList = 3FC216CD282E57A500B6E36D /* Build configuration list for PBXNativeTarget "PreventMITMTests" */;
			buildPhases = (
				3FC216B2282E57A500B6E36D /* Sources */,
				3FC216B3282E57A500B6E36D /* Frameworks */,
				3FC216B4282E57A500B6E36D /* Resources */,
			);
			buildRules = (
			);
			dependencies = (
				3FC216B8282E57A500B6E36D /* PBXTargetDependency */,
			);
			name = PreventMITMTests;
			productName = PreventMITMTests;
			productReference = 3FC216B6282E57A500B6E36D /* PreventMITMTests.xctest */;
			productType = "com.apple.product-type.bundle.unit-test";
		};
		3FC216BF282E57A500B6E36D /* PreventMITMUITests */ = {
			isa = PBXNativeTarget;
			buildConfigurationList = 3FC216D0282E57A500B6E36D /* Build configuration list for PBXNativeTarget "PreventMITMUITests" */;
			buildPhases = (
				3FC216BC282E57A500B6E36D /* Sources */,
				3FC216BD282E57A500B6E36D /* Frameworks */,
				3FC216BE282E57A500B6E36D /* Resources */,
			);
			buildRules = (
			);
			dependencies = (
				3FC216C2282E57A500B6E36D /* PBXTargetDependency */,
			);
			name = PreventMITMUITests;
			productName = PreventMITMUITests;
			productReference = 3FC216C0282E57A500B6E36D /* PreventMITMUITests.xctest */;
			productType = "com.apple.product-type.bundle.ui-testing";
		};
/* End PBXNativeTarget section */

/* Begin PBXProject section */
		3FC21693282E57A200B6E36D /* Project object */ = {
			isa = PBXProject;
			attributes = {
				BuildIndependentTargetsInParallel = 1;
				LastUpgradeCheck = 1330;
				TargetAttributes = {
					3FC2169A282E57A200B6E36D = {
						CreatedOnToolsVersion = 13.3.1;
					};
					3FC216B5282E57A500B6E36D = {
						CreatedOnToolsVersion = 13.3.1;
						TestTargetID = 3FC2169A282E57A200B6E36D;
					};
					3FC216BF282E57A500B6E36D = {
						CreatedOnToolsVersion = 13.3.1;
						TestTargetID = 3FC2169A282E57A200B6E36D;
					};
				};
			};
			buildConfigurationList = 3FC21696282E57A200B6E36D /* Build configuration list for PBXProject "PreventMITM" */;
			compatibilityVersion = "Xcode 13.0";
			developmentRegion = en;
			hasScannedForEncodings = 0;
			knownRegions = (
				en,
				Base,
			);
			mainGroup = 3FC21692282E57A200B6E36D;
			productRefGroup = 3FC2169C282E57A200B6E36D /* Products */;
			projectDirPath = "";
			projectRoot = "";
			targets = (
				3FC2169A282E57A200B6E36D /* PreventMITM */,
				3FC216B5282E57A500B6E36D /* PreventMITMTests */,
				3FC216BF282E57A500B6E36D /* PreventMITMUITests */,
			);
		};
/* End PBXProject section */

/* Begin PBXResourcesBuildPhase section */
		3FC21699282E57A200B6E36D /* Resources */ = {
			isa = PBXResourcesBuildPhase;
			buildActionMask = 2147483647;
			files = (
				3FC216AE282E57A400B6E36D /* LaunchScreen.storyboard in Resources */,
				3FC216AB282E57A400B6E36D /* Assets.xcassets in Resources */,
				3FC216A9282E57A200B6E36D /* Main.storyboard in Resources */,
			);
			runOnlyForDeploymentPostprocessing = 0;
		};
		3FC216B4282E57A500B6E36D /* Resources */ = {
			isa = PBXResourcesBuildPhase;
			buildActionMask = 2147483647;
			files = (
			);
			runOnlyForDeploymentPostprocessing = 0;
		};
		3FC216BE282E57A500B6E36D /* Resources */ = {
			isa = PBXResourcesBuildPhase;
			buildActionMask = 2147483647;
			files = (
			);
			runOnlyForDeploymentPostprocessing = 0;
		};
/* End PBXResourcesBuildPhase section */

/* Begin PBXSourcesBuildPhase section */
		3FC21697282E57A200B6E36D /* Sources */ = {
			isa = PBXSourcesBuildPhase;
			buildActionMask = 2147483647;
			files = (
				3FF224B12833B0A100CB7E6A /* PreventMitm.m in Sources */,
				3FC216A6282E57A200B6E36D /* ViewController.m in Sources */,
				3FC216A0282E57A200B6E36D /* AppDelegate.m in Sources */,
				3FC216B1282E57A400B6E36D /* main.m in Sources */,
				3FC216A3282E57A200B6E36D /* SceneDelegate.m in Sources */,
			);
			runOnlyForDeploymentPostprocessing = 0;
		};
		3FC216B2282E57A500B6E36D /* Sources */ = {
			isa = PBXSourcesBuildPhase;
			buildActionMask = 2147483647;
			files = (
				3FC216BB282E57A500B6E36D /* PreventMITMTests.m in Sources */,
			);
			runOnlyForDeploymentPostprocessing = 0;
		};
		3FC216BC282E57A500B6E36D /* Sources */ = {
			isa = PBXSourcesBuildPhase;
			buildActionMask = 2147483647;
			files = (
				3FC216C7282E57A500B6E36D /* PreventMITMUITestsLaunchTests.m in Sources */,
				3FC216C5282E57A500B6E36D /* PreventMITMUITests.m in Sources */,
			);
			runOnlyForDeploymentPostprocessing = 0;
		};
/* End PBXSourcesBuildPhase section */

/* Begin PBXTargetDependency section */
		3FC216B8282E57A500B6E36D /* PBXTargetDependency */ = {
			isa = PBXTargetDependency;
			target = 3FC2169A282E57A200B6E36D /* PreventMITM */;
			targetProxy = 3FC216B7282E57A500B6E36D /* PBXContainerItemProxy */;
		};
		3FC216C2282E57A500B6E36D /* PBXTargetDependency */ = {
			isa = PBXTargetDependency;
			target = 3FC2169A282E57A200B6E36D /* PreventMITM */;
			targetProxy = 3FC216C1282E57A500B6E36D /* PBXContainerItemProxy */;
		};
/* End PBXTargetDependency section */

/* Begin PBXVariantGroup section */
		3FC216A7282E57A200B6E36D /* Main.storyboard */ = {
			isa = PBXVariantGroup;
			children = (
				3FC216A8282E57A200B6E36D /* Base */,
			);
			name = Main.storyboard;
			sourceTree = "<group>";
		};
		3FC216AC282E57A400B6E36D /* LaunchScreen.storyboard */ = {
			isa = PBXVariantGroup;
			children = (
				3FC216AD282E57A400B6E36D /* Base */,
			);
			name = LaunchScreen.storyboard;
			sourceTree = "<group>";
		};
/* End PBXVariantGroup section */

/* Begin XCBuildConfiguration section */
		3FC216C8282E57A500B6E36D /* Debug */ = {
			isa = XCBuildConfiguration;
			buildSettings = {
				ALWAYS_SEARCH_USER_PATHS = NO;
				CLANG_ANALYZER_NONNULL = YES;
				CLANG_ANALYZER_NUMBER_OBJECT_CONVERSION = YES_AGGRESSIVE;
				CLANG_CXX_LANGUAGE_STANDARD = "gnu++17";
				CLANG_ENABLE_MODULES = YES;
				CLANG_ENABLE_OBJC_ARC = YES;
				CLANG_ENABLE_OBJC_WEAK = YES;
				CLANG_WARN_BLOCK_CAPTURE_AUTORELEASING = YES;
				CLANG_WARN_BOOL_CONVERSION = YES;
				CLANG_WARN_COMMA = YES;
				CLANG_WARN_CONSTANT_CONVERSION = YES;
				CLANG_WARN_DEPRECATED_OBJC_IMPLEMENTATIONS = YES;
				CLANG_WARN_DIRECT_OBJC_ISA_USAGE = YES_ERROR;
				CLANG_WARN_DOCUMENTATION_COMMENTS = YES;
				CLANG_WARN_EMPTY_BODY = YES;
				CLANG_WARN_ENUM_CONVERSION = YES;
				CLANG_WARN_INFINITE_RECURSION = YES;
				CLANG_WARN_INT_CONVERSION = YES;
				CLANG_WARN_NON_LITERAL_NULL_CONVERSION = YES;
				CLANG_WARN_OBJC_IMPLICIT_RETAIN_SELF = YES;
				CLANG_WARN_OBJC_LITERAL_CONVERSION = YES;
				CLANG_WARN_OBJC_ROOT_CLASS = YES_ERROR;
				CLANG_WARN_QUOTED_INCLUDE_IN_FRAMEWORK_HEADER = YES;
				CLANG_WARN_RANGE_LOOP_ANALYSIS = YES;
				CLANG_WARN_STRICT_PROTOTYPES = YES;
				CLANG_WARN_SUSPICIOUS_MOVE = YES;
				CLANG_WARN_UNGUARDED_AVAILABILITY = YES_AGGRESSIVE;
				CLANG_WARN_UNREACHABLE_CODE = YES;
				CLANG_WARN__DUPLICATE_METHOD_MATCH = YES;
				COPY_PHASE_STRIP = NO;
				DEBUG_INFORMATION_FORMAT = dwarf;
				ENABLE_STRICT_OBJC_MSGSEND = YES;
				ENABLE_TESTABILITY = YES;
				GCC_C_LANGUAGE_STANDARD = gnu11;
				GCC_DYNAMIC_NO_PIC = NO;
				GCC_NO_COMMON_BLOCKS = YES;
				GCC_OPTIMIZATION_LEVEL = 0;
				GCC_PREPROCESSOR_DEFINITIONS = (
					"DEBUG=1",
					"$(inherited)",
				);
				GCC_WARN_64_TO_32_BIT_CONVERSION = YES;
				GCC_WARN_ABOUT_RETURN_TYPE = YES_ERROR;
				GCC_WARN_UNDECLARED_SELECTOR = YES;
				GCC_WARN_UNINITIALIZED_AUTOS = YES_AGGRESSIVE;
				GCC_WARN_UNUSED_FUNCTION = YES;
				GCC_WARN_UNUSED_VARIABLE = YES;
				IPHONEOS_DEPLOYMENT_TARGET = 15.4;
				MTL_ENABLE_DEBUG_INFO = INCLUDE_SOURCE;
				MTL_FAST_MATH = YES;
				ONLY_ACTIVE_ARCH = YES;
				SDKROOT = iphoneos;
			};
			name = Debug;
		};
		3FC216C9282E57A500B6E36D /* Release */ = {
			isa = XCBuildConfiguration;
			buildSettings = {
				ALWAYS_SEARCH_USER_PATHS = NO;
				CLANG_ANALYZER_NONNULL = YES;
				CLANG_ANALYZER_NUMBER_OBJECT_CONVERSION = YES_AGGRESSIVE;
				CLANG_CXX_LANGUAGE_STANDARD = "gnu++17";
				CLANG_ENABLE_MODULES = YES;
				CLANG_ENABLE_OBJC_ARC = YES;
				CLANG_ENABLE_OBJC_WEAK = YES;
				CLANG_WARN_BLOCK_CAPTURE_AUTORELEASING = YES;
				CLANG_WARN_BOOL_CONVERSION = YES;
				CLANG_WARN_COMMA = YES;
				CLANG_WARN_CONSTANT_CONVERSION = YES;
				CLANG_WARN_DEPRECATED_OBJC_IMPLEMENTATIONS = YES;
				CLANG_WARN_DIRECT_OBJC_ISA_USAGE = YES_ERROR;
				CLANG_WARN_DOCUMENTATION_COMMENTS = YES;
				CLANG_WARN_EMPTY_BODY = YES;
				CLANG_WARN_ENUM_CONVERSION = YES;
				CLANG_WARN_INFINITE_RECURSION = YES;
				CLANG_WARN_INT_CONVERSION = YES;
				CLANG_WARN_NON_LITERAL_NULL_CONVERSION = YES;
				CLANG_WARN_OBJC_IMPLICIT_RETAIN_SELF = YES;
				CLANG_WARN_OBJC_LITERAL_CONVERSION = YES;
				CLANG_WARN_OBJC_ROOT_CLASS = YES_ERROR;
				CLANG_WARN_QUOTED_INCLUDE_IN_FRAMEWORK_HEADER = YES;
				CLANG_WARN_RANGE_LOOP_ANALYSIS = YES;
				CLANG_WARN_STRICT_PROTOTYPES = YES;
				CLANG_WARN_SUSPICIOUS_MOVE = YES;
				CLANG_WARN_UNGUARDED_AVAILABILITY = YES_AGGRESSIVE;
				CLANG_WARN_UNREACHABLE_CODE = YES;
				CLANG_WARN__DUPLICATE_METHOD_MATCH = YES;
				COPY_PHASE_STRIP = NO;
				DEBUG_INFORMATION_FORMAT = "dwarf-with-dsym";
				ENABLE_NS_ASSERTIONS = NO;
				ENABLE_STRICT_OBJC_MSGSEND = YES;
				GCC_C_LANGUAGE_STANDARD = gnu11;
				GCC_NO_COMMON_BLOCKS = YES;
				GCC_WARN_64_TO_32_BIT_CONVERSION = YES;
				GCC_WARN_ABOUT_RETURN_TYPE = YES_ERROR;
				GCC_WARN_UNDECLARED_SELECTOR = YES;
				GCC_WARN_UNINITIALIZED_AUTOS = YES_AGGRESSIVE;
				GCC_WARN_UNUSED_FUNCTION = YES;
				GCC_WARN_UNUSED_VARIABLE = YES;
				IPHONEOS_DEPLOYMENT_TARGET = 15.4;
				MTL_ENABLE_DEBUG_INFO = NO;
				MTL_FAST_MATH = YES;
				SDKROOT = iphoneos;
				VALIDATE_PRODUCT = YES;
			};
			name = Release;
		};
		3FC216CB282E57A500B6E36D /* Debug */ = {
			isa = XCBuildConfiguration;
			buildSettings = {
				ASSETCATALOG_COMPILER_APPICON_NAME = AppIcon;
				ASSETCATALOG_COMPILER_GLOBAL_ACCENT_COLOR_NAME = AccentColor;
				CODE_SIGN_STYLE = Automatic;
				CURRENT_PROJECT_VERSION = 1;
				DEVELOPMENT_TEAM = 9964C8R9V2;
				GENERATE_INFOPLIST_FILE = YES;
				INFOPLIST_FILE = PreventMITM/Info.plist;
				INFOPLIST_KEY_UIApplicationSupportsIndirectInputEvents = YES;
				INFOPLIST_KEY_UILaunchStoryboardName = LaunchScreen;
				INFOPLIST_KEY_UIMainStoryboardFile = Main;
				INFOPLIST_KEY_UISupportedInterfaceOrientations_iPad = "UIInterfaceOrientationPortrait UIInterfaceOrientationPortraitUpsideDown UIInterfaceOrientationLandscapeLeft UIInterfaceOrientationLandscapeRight";
				INFOPLIST_KEY_UISupportedInterfaceOrientations_iPhone = "UIInterfaceOrientationPortrait UIInterfaceOrientationLandscapeLeft UIInterfaceOrientationLandscapeRight";
				IPHONEOS_DEPLOYMENT_TARGET = 14.3;
				LD_RUNPATH_SEARCH_PATHS = (
					"$(inherited)",
					"@executable_path/Frameworks",
				);
				MARKETING_VERSION = 1.0;
				PRODUCT_BUNDLE_IDENTIFIER = com.test.PreventMITM;
				PRODUCT_NAME = "$(TARGET_NAME)";
				SWIFT_EMIT_LOC_STRINGS = YES;
				TARGETED_DEVICE_FAMILY = 1;
			};
			name = Debug;
		};
		3FC216CC282E57A500B6E36D /* Release */ = {
			isa = XCBuildConfiguration;
			buildSettings = {
				ASSETCATALOG_COMPILER_APPICON_NAME = AppIcon;
				ASSETCATALOG_COMPILER_GLOBAL_ACCENT_COLOR_NAME = AccentColor;
				CODE_SIGN_STYLE = Automatic;
				CURRENT_PROJECT_VERSION = 1;
				DEVELOPMENT_TEAM = 9964C8R9V2;
				GENERATE_INFOPLIST_FILE = YES;
				INFOPLIST_FILE = PreventMITM/Info.plist;
				INFOPLIST_KEY_UIApplicationSupportsIndirectInputEvents = YES;
				INFOPLIST_KEY_UILaunchStoryboardName = LaunchScreen;
				INFOPLIST_KEY_UIMainStoryboardFile = Main;
				INFOPLIST_KEY_UISupportedInterfaceOrientations_iPad = "UIInterfaceOrientationPortrait UIInterfaceOrientationPortraitUpsideDown UIInterfaceOrientationLandscapeLeft UIInterfaceOrientationLandscapeRight";
				INFOPLIST_KEY_UISupportedInterfaceOrientations_iPhone = "UIInterfaceOrientationPortrait UIInterfaceOrientationLandscapeLeft UIInterfaceOrientationLandscapeRight";
				IPHONEOS_DEPLOYMENT_TARGET = 14.3;
				LD_RUNPATH_SEARCH_PATHS = (
					"$(inherited)",
					"@executable_path/Frameworks",
				);
				MARKETING_VERSION = 1.0;
				PRODUCT_BUNDLE_IDENTIFIER = com.test.PreventMITM;
				PRODUCT_NAME = "$(TARGET_NAME)";
				SWIFT_EMIT_LOC_STRINGS = YES;
				TARGETED_DEVICE_FAMILY = 1;
			};
			name = Release;
		};
		3FC216CE282E57A500B6E36D /* Debug */ = {
			isa = XCBuildConfiguration;
			buildSettings = {
				BUNDLE_LOADER = "$(TEST_HOST)";
				CODE_SIGN_STYLE = Automatic;
				CURRENT_PROJECT_VERSION = 1;
				DEVELOPMENT_TEAM = 9964C8R9V2;
				GENERATE_INFOPLIST_FILE = YES;
				IPHONEOS_DEPLOYMENT_TARGET = 15.4;
				MARKETING_VERSION = 1.0;
				PRODUCT_BUNDLE_IDENTIFIER = com.test.PreventMITMTests;
				PRODUCT_NAME = "$(TARGET_NAME)";
				SWIFT_EMIT_LOC_STRINGS = NO;
				TARGETED_DEVICE_FAMILY = "1,2";
				TEST_HOST = "$(BUILT_PRODUCTS_DIR)/PreventMITM.app/PreventMITM";
			};
			name = Debug;
		};
		3FC216CF282E57A500B6E36D /* Release */ = {
			isa = XCBuildConfiguration;
			buildSettings = {
				BUNDLE_LOADER = "$(TEST_HOST)";
				CODE_SIGN_STYLE = Automatic;
				CURRENT_PROJECT_VERSION = 1;
				DEVELOPMENT_TEAM = 9964C8R9V2;
				GENERATE_INFOPLIST_FILE = YES;
				IPHONEOS_DEPLOYMENT_TARGET = 15.4;
				MARKETING_VERSION = 1.0;
				PRODUCT_BUNDLE_IDENTIFIER = com.test.PreventMITMTests;
				PRODUCT_NAME = "$(TARGET_NAME)";
				SWIFT_EMIT_LOC_STRINGS = NO;
				TARGETED_DEVICE_FAMILY = "1,2";
				TEST_HOST = "$(BUILT_PRODUCTS_DIR)/PreventMITM.app/PreventMITM";
			};
			name = Release;
		};
		3FC216D1282E57A500B6E36D /* Debug */ = {
			isa = XCBuildConfiguration;
			buildSettings = {
				CODE_SIGN_STYLE = Automatic;
				CURRENT_PROJECT_VERSION = 1;
				DEVELOPMENT_TEAM = 9964C8R9V2;
				GENERATE_INFOPLIST_FILE = YES;
				MARKETING_VERSION = 1.0;
				PRODUCT_BUNDLE_IDENTIFIER = com.test.PreventMITMUITests;
				PRODUCT_NAME = "$(TARGET_NAME)";
				SWIFT_EMIT_LOC_STRINGS = NO;
				TARGETED_DEVICE_FAMILY = "1,2";
				TEST_TARGET_NAME = PreventMITM;
			};
			name = Debug;
		};
		3FC216D2282E57A500B6E36D /* Release */ = {
			isa = XCBuildConfiguration;
			buildSettings = {
				CODE_SIGN_STYLE = Automatic;
				CURRENT_PROJECT_VERSION = 1;
				DEVELOPMENT_TEAM = 9964C8R9V2;
				GENERATE_INFOPLIST_FILE = YES;
				MARKETING_VERSION = 1.0;
				PRODUCT_BUNDLE_IDENTIFIER = com.test.PreventMITMUITests;
				PRODUCT_NAME = "$(TARGET_NAME)";
				SWIFT_EMIT_LOC_STRINGS = NO;
				TARGETED_DEVICE_FAMILY = "1,2";
				TEST_TARGET_NAME = PreventMITM;
			};
			name = Release;
		};
/* End XCBuildConfiguration section */

/* Begin XCConfigurationList section */
		3FC21696282E57A200B6E36D /* Build configuration list for PBXProject "PreventMITM" */ = {
			isa = XCConfigurationList;
			buildConfigurations = (
				3FC216C8282E57A500B6E36D /* Debug */,
				3FC216C9282E57A500B6E36D /* Release */,
			);
			defaultConfigurationIsVisible = 0;
			defaultConfigurationName = Release;
		};
		3FC216CA282E57A500B6E36D /* Build configuration list for PBXNativeTarget "PreventMITM" */ = {
			isa = XCConfigurationList;
			buildConfigurations = (
				3FC216CB282E57A500B6E36D /* Debug */,
				3FC216CC282E57A500B6E36D /* Release */,
			);
			defaultConfigurationIsVisible = 0;
			defaultConfigurationName = Release;
		};
		3FC216CD282E57A500B6E36D /* Build configuration list for PBXNativeTarget "PreventMITMTests" */ = {
			isa = XCConfigurationList;
			buildConfigurations = (
				3FC216CE282E57A500B6E36D /* Debug */,
				3FC216CF282E57A500B6E36D /* Release */,
			);
			defaultConfigurationIsVisible = 0;
			defaultConfigurationName = Release;
		};
		3FC216D0282E57A500B6E36D /* Build configuration list for PBXNativeTarget "PreventMITMUITests" */ = {
			isa = XCConfigurationList;
			buildConfigurations = (
				3FC216D1282E57A500B6E36D /* Debug */,
				3FC216D2282E57A500B6E36D /* Release */,
			);
			defaultConfigurationIsVisible = 0;
			defaultConfigurationName = Release;
		};
/* End XCConfigurationList section */
	};
	rootObject = 3FC21693282E57A200B6E36D /* Project object */;
}
