// !$*UTF8*$!
{
	archiveVersion = 1;
	classes = {
	};
	objectVersion = 55;
	objects = {

/* Begin PBXBuildFile section */
		3F32C019292794FD00E3E607 /* AppDelegate.m in Sources */ = {isa = PBXBuildFile; fileRef = 3F32C018292794FD00E3E607 /* AppDelegate.m */; };
		3F32C01F292794FD00E3E607 /* ViewController.m in Sources */ = {isa = PBXBuildFile; fileRef = 3F32C01E292794FD00E3E607 /* ViewController.m */; };
		3F32C022292794FD00E3E607 /* Main.storyboard in Resources */ = {isa = PBXBuildFile; fileRef = 3F32C020292794FD00E3E607 /* Main.storyboard */; };
		3F32C024292794FE00E3E607 /* Assets.xcassets in Resources */ = {isa = PBXBuildFile; fileRef = 3F32C023292794FE00E3E607 /* Assets.xcassets */; };
		3F32C027292794FE00E3E607 /* LaunchScreen.storyboard in Resources */ = {isa = PBXBuildFile; fileRef = 3F32C025292794FE00E3E607 /* LaunchScreen.storyboard */; };
		3F32C02A292794FE00E3E607 /* main.m in Sources */ = {isa = PBXBuildFile; fileRef = 3F32C029292794FE00E3E607 /* main.m */; };
		3F32C0322927975900E3E607 /* WKWebViewController.m in Sources */ = {isa = PBXBuildFile; fileRef = 3F32C0312927975900E3E607 /* WKWebViewController.m */; };
		3F32C0382927A7C500E3E607 /* SceneDelegate.m in Sources */ = {isa = PBXBuildFile; fileRef = 3F32C0362927A7C500E3E607 /* SceneDelegate.m */; };
/* End PBXBuildFile section */

/* Begin PBXFileReference section */
		3F32C014292794FD00E3E607 /* jsbridge.app */ = {isa = PBXFileReference; explicitFileType = wrapper.application; includeInIndex = 0; path = jsbridge.app; sourceTree = BUILT_PRODUCTS_DIR; };
		3F32C017292794FD00E3E607 /* AppDelegate.h */ = {isa = PBXFileReference; lastKnownFileType = sourcecode.c.h; path = AppDelegate.h; sourceTree = "<group>"; };
		3F32C018292794FD00E3E607 /* AppDelegate.m */ = {isa = PBXFileReference; lastKnownFileType = sourcecode.c.objc; path = AppDelegate.m; sourceTree = "<group>"; };
		3F32C01D292794FD00E3E607 /* ViewController.h */ = {isa = PBXFileReference; lastKnownFileType = sourcecode.c.h; path = ViewController.h; sourceTree = "<group>"; };
		3F32C01E292794FD00E3E607 /* ViewController.m */ = {isa = PBXFileReference; lastKnownFileType = sourcecode.c.objc; path = ViewController.m; sourceTree = "<group>"; };
		3F32C021292794FD00E3E607 /* Base */ = {isa = PBXFileReference; lastKnownFileType = file.storyboard; name = Base; path = Base.lproj/Main.storyboard; sourceTree = "<group>"; };
		3F32C023292794FE00E3E607 /* Assets.xcassets */ = {isa = PBXFileReference; lastKnownFileType = folder.assetcatalog; path = Assets.xcassets; sourceTree = "<group>"; };
		3F32C026292794FE00E3E607 /* Base */ = {isa = PBXFileReference; lastKnownFileType = file.storyboard; name = Base; path = Base.lproj/LaunchScreen.storyboard; sourceTree = "<group>"; };
		3F32C028292794FE00E3E607 /* Info.plist */ = {isa = PBXFileReference; lastKnownFileType = text.plist.xml; path = Info.plist; sourceTree = "<group>"; };
		3F32C029292794FE00E3E607 /* main.m */ = {isa = PBXFileReference; lastKnownFileType = sourcecode.c.objc; path = main.m; sourceTree = "<group>"; };
		3F32C0302927975900E3E607 /* WKWebViewController.h */ = {isa = PBXFileReference; fileEncoding = 4; lastKnownFileType = sourcecode.c.h; path = WKWebViewController.h; sourceTree = "<group>"; };
		3F32C0312927975900E3E607 /* WKWebViewController.m */ = {isa = PBXFileReference; fileEncoding = 4; lastKnownFileType = sourcecode.c.objc; path = WKWebViewController.m; sourceTree = "<group>"; };
		3F32C0362927A7C500E3E607 /* SceneDelegate.m */ = {isa = PBXFileReference; fileEncoding = 4; lastKnownFileType = sourcecode.c.objc; path = SceneDelegate.m; sourceTree = "<group>"; };
		3F32C0372927A7C500E3E607 /* SceneDelegate.h */ = {isa = PBXFileReference; fileEncoding = 4; lastKnownFileType = sourcecode.c.h; path = SceneDelegate.h; sourceTree = "<group>"; };
/* End PBXFileReference section */

/* Begin PBXFrameworksBuildPhase section */
		3F32C011292794FD00E3E607 /* Frameworks */ = {
			isa = PBXFrameworksBuildPhase;
			buildActionMask = 2147483647;
			files = (
			);
			runOnlyForDeploymentPostprocessing = 0;
		};
/* End PBXFrameworksBuildPhase section */

/* Begin PBXGroup section */
		3F32C00B292794FC00E3E607 = {
			isa = PBXGroup;
			children = (
				3F32C016292794FD00E3E607 /* jsbridge */,
				3F32C015292794FD00E3E607 /* Products */,
			);
			sourceTree = "<group>";
		};
		3F32C015292794FD00E3E607 /* Products */ = {
			isa = PBXGroup;
			children = (
				3F32C014292794FD00E3E607 /* jsbridge.app */,
			);
			name = Products;
			sourceTree = "<group>";
		};
		3F32C016292794FD00E3E607 /* jsbridge */ = {
			isa = PBXGroup;
			children = (
				3F32C0372927A7C500E3E607 /* SceneDelegate.h */,
				3F32C0362927A7C500E3E607 /* SceneDelegate.m */,
				3F32C0302927975900E3E607 /* WKWebViewController.h */,
				3F32C0312927975900E3E607 /* WKWebViewController.m */,
				3F32C017292794FD00E3E607 /* AppDelegate.h */,
				3F32C018292794FD00E3E607 /* AppDelegate.m */,
				3F32C01D292794FD00E3E607 /* ViewController.h */,
				3F32C01E292794FD00E3E607 /* ViewController.m */,
				3F32C020292794FD00E3E607 /* Main.storyboard */,
				3F32C023292794FE00E3E607 /* Assets.xcassets */,
				3F32C025292794FE00E3E607 /* LaunchScreen.storyboard */,
				3F32C028292794FE00E3E607 /* Info.plist */,
				3F32C029292794FE00E3E607 /* main.m */,
			);
			path = jsbridge;
			sourceTree = "<group>";
		};
/* End PBXGroup section */

/* Begin PBXNativeTarget section */
		3F32C013292794FD00E3E607 /* jsbridge */ = {
			isa = PBXNativeTarget;
			buildConfigurationList = 3F32C02D292794FE00E3E607 /* Build configuration list for PBXNativeTarget "jsbridge" */;
			buildPhases = (
				3F32C010292794FD00E3E607 /* Sources */,
				3F32C011292794FD00E3E607 /* Frameworks */,
				3F32C012292794FD00E3E607 /* Resources */,
			);
			buildRules = (
			);
			dependencies = (
			);
			name = jsbridge;
			productName = jsbridge;
			productReference = 3F32C014292794FD00E3E607 /* jsbridge.app */;
			productType = "com.apple.product-type.application";
		};
/* End PBXNativeTarget section */

/* Begin PBXProject section */
		3F32C00C292794FC00E3E607 /* Project object */ = {
			isa = PBXProject;
			attributes = {
				BuildIndependentTargetsInParallel = 1;
				LastUpgradeCheck = 1330;
				TargetAttributes = {
					3F32C013292794FD00E3E607 = {
						CreatedOnToolsVersion = 13.3.1;
					};
				};
			};
			buildConfigurationList = 3F32C00F292794FC00E3E607 /* Build configuration list for PBXProject "jsbridge" */;
			compatibilityVersion = "Xcode 13.0";
			developmentRegion = en;
			hasScannedForEncodings = 0;
			knownRegions = (
				en,
				Base,
			);
			mainGroup = 3F32C00B292794FC00E3E607;
			productRefGroup = 3F32C015292794FD00E3E607 /* Products */;
			projectDirPath = "";
			projectRoot = "";
			targets = (
				3F32C013292794FD00E3E607 /* jsbridge */,
			);
		};
/* End PBXProject section */

/* Begin PBXResourcesBuildPhase section */
		3F32C012292794FD00E3E607 /* Resources */ = {
			isa = PBXResourcesBuildPhase;
			buildActionMask = 2147483647;
			files = (
				3F32C027292794FE00E3E607 /* LaunchScreen.storyboard in Resources */,
				3F32C024292794FE00E3E607 /* Assets.xcassets in Resources */,
				3F32C022292794FD00E3E607 /* Main.storyboard in Resources */,
			);
			runOnlyForDeploymentPostprocessing = 0;
		};
/* End PBXResourcesBuildPhase section */

/* Begin PBXSourcesBuildPhase section */
		3F32C010292794FD00E3E607 /* Sources */ = {
			isa = PBXSourcesBuildPhase;
			buildActionMask = 2147483647;
			files = (
				3F32C0322927975900E3E607 /* WKWebViewController.m in Sources */,
				3F32C01F292794FD00E3E607 /* ViewController.m in Sources */,
				3F32C0382927A7C500E3E607 /* SceneDelegate.m in Sources */,
				3F32C019292794FD00E3E607 /* AppDelegate.m in Sources */,
				3F32C02A292794FE00E3E607 /* main.m in Sources */,
			);
			runOnlyForDeploymentPostprocessing = 0;
		};
/* End PBXSourcesBuildPhase section */

/* Begin PBXVariantGroup section */
		3F32C020292794FD00E3E607 /* Main.storyboard */ = {
			isa = PBXVariantGroup;
			children = (
				3F32C021292794FD00E3E607 /* Base */,
			);
			name = Main.storyboard;
			sourceTree = "<group>";
		};
		3F32C025292794FE00E3E607 /* LaunchScreen.storyboard */ = {
			isa = PBXVariantGroup;
			children = (
				3F32C026292794FE00E3E607 /* Base */,
			);
			name = LaunchScreen.storyboard;
			sourceTree = "<group>";
		};
/* End PBXVariantGroup section */

/* Begin XCBuildConfiguration section */
		3F32C02B292794FE00E3E607 /* Debug */ = {
			isa = XCBuildConfiguration;
			buildSettings = {
				ALWAYS_SEARCH_USER_PATHS = NO;
				CLANG_ANALYZER_NONNULL = YES;
				CLANG_ANALYZER_NUMBER_OBJECT_CONVERSION = YES_AGGRESSIVE;
				CLANG_CXX_LANGUAGE_STANDARD = "gnu++17";
				CLANG_ENABLE_MODULES = YES;
				CLANG_ENABLE_OBJC_ARC = YES;
				CLANG_ENABLE_OBJC_WEAK = YES;
				CLANG_WARN_BLOCK_CAPTURE_AUTORELEASING = YES;
				CLANG_WARN_BOOL_CONVERSION = YES;
				CLANG_WARN_COMMA = YES;
				CLANG_WARN_CONSTANT_CONVERSION = YES;
				CLANG_WARN_DEPRECATED_OBJC_IMPLEMENTATIONS = YES;
				CLANG_WARN_DIRECT_OBJC_ISA_USAGE = YES_ERROR;
				CLANG_WARN_DOCUMENTATION_COMMENTS = YES;
				CLANG_WARN_EMPTY_BODY = YES;
				CLANG_WARN_ENUM_CONVERSION = YES;
				CLANG_WARN_INFINITE_RECURSION = YES;
				CLANG_WARN_INT_CONVERSION = YES;
				CLANG_WARN_NON_LITERAL_NULL_CONVERSION = YES;
				CLANG_WARN_OBJC_IMPLICIT_RETAIN_SELF = YES;
				CLANG_WARN_OBJC_LITERAL_CONVERSION = YES;
				CLANG_WARN_OBJC_ROOT_CLASS = YES_ERROR;
				CLANG_WARN_QUOTED_INCLUDE_IN_FRAMEWORK_HEADER = YES;
				CLANG_WARN_RANGE_LOOP_ANALYSIS = YES;
				CLANG_WARN_STRICT_PROTOTYPES = YES;
				CLANG_WARN_SUSPICIOUS_MOVE = YES;
				CLANG_WARN_UNGUARDED_AVAILABILITY = YES_AGGRESSIVE;
				CLANG_WARN_UNREACHABLE_CODE = YES;
				CLANG_WARN__DUPLICATE_METHOD_MATCH = YES;
				COPY_PHASE_STRIP = NO;
				DEBUG_INFORMATION_FORMAT = dwarf;
				ENABLE_STRICT_OBJC_MSGSEND = YES;
				ENABLE_TESTABILITY = YES;
				GCC_C_LANGUAGE_STANDARD = gnu11;
				GCC_DYNAMIC_NO_PIC = NO;
				GCC_NO_COMMON_BLOCKS = YES;
				GCC_OPTIMIZATION_LEVEL = 0;
				GCC_PREPROCESSOR_DEFINITIONS = (
					"DEBUG=1",
					"$(inherited)",
				);
				GCC_WARN_64_TO_32_BIT_CONVERSION = YES;
				GCC_WARN_ABOUT_RETURN_TYPE = YES_ERROR;
				GCC_WARN_UNDECLARED_SELECTOR = YES;
				GCC_WARN_UNINITIALIZED_AUTOS = YES_AGGRESSIVE;
				GCC_WARN_UNUSED_FUNCTION = YES;
				GCC_WARN_UNUSED_VARIABLE = YES;
				IPHONEOS_DEPLOYMENT_TARGET = 15.4;
				MTL_ENABLE_DEBUG_INFO = INCLUDE_SOURCE;
				MTL_FAST_MATH = YES;
				ONLY_ACTIVE_ARCH = YES;
				SDKROOT = iphoneos;
			};
			name = Debug;
		};
		3F32C02C292794FE00E3E607 /* Release */ = {
			isa = XCBuildConfiguration;
			buildSettings = {
				ALWAYS_SEARCH_USER_PATHS = NO;
				CLANG_ANALYZER_NONNULL = YES;
				CLANG_ANALYZER_NUMBER_OBJECT_CONVERSION = YES_AGGRESSIVE;
				CLANG_CXX_LANGUAGE_STANDARD = "gnu++17";
				CLANG_ENABLE_MODULES = YES;
				CLANG_ENABLE_OBJC_ARC = YES;
				CLANG_ENABLE_OBJC_WEAK = YES;
				CLANG_WARN_BLOCK_CAPTURE_AUTORELEASING = YES;
				CLANG_WARN_BOOL_CONVERSION = YES;
				CLANG_WARN_COMMA = YES;
				CLANG_WARN_CONSTANT_CONVERSION = YES;
				CLANG_WARN_DEPRECATED_OBJC_IMPLEMENTATIONS = YES;
				CLANG_WARN_DIRECT_OBJC_ISA_USAGE = YES_ERROR;
				CLANG_WARN_DOCUMENTATION_COMMENTS = YES;
				CLANG_WARN_EMPTY_BODY = YES;
				CLANG_WARN_ENUM_CONVERSION = YES;
				CLANG_WARN_INFINITE_RECURSION = YES;
				CLANG_WARN_INT_CONVERSION = YES;
				CLANG_WARN_NON_LITERAL_NULL_CONVERSION = YES;
				CLANG_WARN_OBJC_IMPLICIT_RETAIN_SELF = YES;
				CLANG_WARN_OBJC_LITERAL_CONVERSION = YES;
				CLANG_WARN_OBJC_ROOT_CLASS = YES_ERROR;
				CLANG_WARN_QUOTED_INCLUDE_IN_FRAMEWORK_HEADER = YES;
				CLANG_WARN_RANGE_LOOP_ANALYSIS = YES;
				CLANG_WARN_STRICT_PROTOTYPES = YES;
				CLANG_WARN_SUSPICIOUS_MOVE = YES;
				CLANG_WARN_UNGUARDED_AVAILABILITY = YES_AGGRESSIVE;
				CLANG_WARN_UNREACHABLE_CODE = YES;
				CLANG_WARN__DUPLICATE_METHOD_MATCH = YES;
				COPY_PHASE_STRIP = NO;
				DEBUG_INFORMATION_FORMAT = "dwarf-with-dsym";
				ENABLE_NS_ASSERTIONS = NO;
				ENABLE_STRICT_OBJC_MSGSEND = YES;
				GCC_C_LANGUAGE_STANDARD = gnu11;
				GCC_NO_COMMON_BLOCKS = YES;
				GCC_WARN_64_TO_32_BIT_CONVERSION = YES;
				GCC_WARN_ABOUT_RETURN_TYPE = YES_ERROR;
				GCC_WARN_UNDECLARED_SELECTOR = YES;
				GCC_WARN_UNINITIALIZED_AUTOS = YES_AGGRESSIVE;
				GCC_WARN_UNUSED_FUNCTION = YES;
				GCC_WARN_UNUSED_VARIABLE = YES;
				IPHONEOS_DEPLOYMENT_TARGET = 15.4;
				MTL_ENABLE_DEBUG_INFO = NO;
				MTL_FAST_MATH = YES;
				SDKROOT = iphoneos;
				VALIDATE_PRODUCT = YES;
			};
			name = Release;
		};
		3F32C02E292794FE00E3E607 /* Debug */ = {
			isa = XCBuildConfiguration;
			buildSettings = {
				ASSETCATALOG_COMPILER_APPICON_NAME = AppIcon;
				ASSETCATALOG_COMPILER_GLOBAL_ACCENT_COLOR_NAME = AccentColor;
				CODE_SIGN_STYLE = Automatic;
				CURRENT_PROJECT_VERSION = 1;
				DEVELOPMENT_TEAM = 9964C8R9V2;
				GENERATE_INFOPLIST_FILE = YES;
				INFOPLIST_FILE = jsbridge/Info.plist;
				INFOPLIST_KEY_UIApplicationSupportsIndirectInputEvents = YES;
				INFOPLIST_KEY_UILaunchStoryboardName = LaunchScreen;
				INFOPLIST_KEY_UIMainStoryboardFile = Main;
				INFOPLIST_KEY_UISupportedInterfaceOrientations_iPad = "UIInterfaceOrientationPortrait UIInterfaceOrientationPortraitUpsideDown UIInterfaceOrientationLandscapeLeft UIInterfaceOrientationLandscapeRight";
				INFOPLIST_KEY_UISupportedInterfaceOrientations_iPhone = "UIInterfaceOrientationPortrait UIInterfaceOrientationLandscapeLeft UIInterfaceOrientationLandscapeRight";
				IPHONEOS_DEPLOYMENT_TARGET = 13.4;
				LD_RUNPATH_SEARCH_PATHS = (
					"$(inherited)",
					"@executable_path/Frameworks",
				);
				MARKETING_VERSION = 1.0;
				PRODUCT_BUNDLE_IDENTIFIER = com.test.jsbridge;
				PRODUCT_NAME = "$(TARGET_NAME)";
				SWIFT_EMIT_LOC_STRINGS = YES;
				TARGETED_DEVICE_FAMILY = 1;
			};
			name = Debug;
		};
		3F32C02F292794FE00E3E607 /* Release */ = {
			isa = XCBuildConfiguration;
			buildSettings = {
				ASSETCATALOG_COMPILER_APPICON_NAME = AppIcon;
				ASSETCATALOG_COMPILER_GLOBAL_ACCENT_COLOR_NAME = AccentColor;
				CODE_SIGN_STYLE = Automatic;
				CURRENT_PROJECT_VERSION = 1;
				DEVELOPMENT_TEAM = 9964C8R9V2;
				GENERATE_INFOPLIST_FILE = YES;
				INFOPLIST_FILE = jsbridge/Info.plist;
				INFOPLIST_KEY_UIApplicationSupportsIndirectInputEvents = YES;
				INFOPLIST_KEY_UILaunchStoryboardName = LaunchScreen;
				INFOPLIST_KEY_UIMainStoryboardFile = Main;
				INFOPLIST_KEY_UISupportedInterfaceOrientations_iPad = "UIInterfaceOrientationPortrait UIInterfaceOrientationPortraitUpsideDown UIInterfaceOrientationLandscapeLeft UIInterfaceOrientationLandscapeRight";
				INFOPLIST_KEY_UISupportedInterfaceOrientations_iPhone = "UIInterfaceOrientationPortrait UIInterfaceOrientationLandscapeLeft UIInterfaceOrientationLandscapeRight";
				IPHONEOS_DEPLOYMENT_TARGET = 13.4;
				LD_RUNPATH_SEARCH_PATHS = (
					"$(inherited)",
					"@executable_path/Frameworks",
				);
				MARKETING_VERSION = 1.0;
				PRODUCT_BUNDLE_IDENTIFIER = com.test.jsbridge;
				PRODUCT_NAME = "$(TARGET_NAME)";
				SWIFT_EMIT_LOC_STRINGS = YES;
				TARGETED_DEVICE_FAMILY = 1;
			};
			name = Release;
		};
/* End XCBuildConfiguration section */

/* Begin XCConfigurationList section */
		3F32C00F292794FC00E3E607 /* Build configuration list for PBXProject "jsbridge" */ = {
			isa = XCConfigurationList;
			buildConfigurations = (
				3F32C02B292794FE00E3E607 /* Debug */,
				3F32C02C292794FE00E3E607 /* Release */,
			);
			defaultConfigurationIsVisible = 0;
			defaultConfigurationName = Release;
		};
		3F32C02D292794FE00E3E607 /* Build configuration list for PBXNativeTarget "jsbridge" */ = {
			isa = XCConfigurationList;
			buildConfigurations = (
				3F32C02E292794FE00E3E607 /* Debug */,
				3F32C02F292794FE00E3E607 /* Release */,
			);
			defaultConfigurationIsVisible = 0;
			defaultConfigurationName = Release;
		};
/* End XCConfigurationList section */
	};
	rootObject = 3F32C00C292794FC00E3E607 /* Project object */;
}
