// !$*UTF8*$!
{
	archiveVersion = 1;
	classes = {
	};
	objectVersion = 55;
	objects = {

/* Begin PBXBuildFile section */
		3F8626D72848418F00C93D8C /* AppDelegate.m in Sources */ = {isa = PBXBuildFile; fileRef = 3F8626D62848418F00C93D8C /* AppDelegate.m */; };
		3F8626DA2848418F00C93D8C /* SceneDelegate.m in Sources */ = {isa = PBXBuildFile; fileRef = 3F8626D92848418F00C93D8C /* SceneDelegate.m */; };
		3F8626DD2848418F00C93D8C /* ViewController.m in Sources */ = {isa = PBXBuildFile; fileRef = 3F8626DC2848418F00C93D8C /* ViewController.m */; };
		3F8626E02848418F00C93D8C /* Main.storyboard in Resources */ = {isa = PBXBuildFile; fileRef = 3F8626DE2848418F00C93D8C /* Main.storyboard */; };
		3F8626E22848419200C93D8C /* Assets.xcassets in Resources */ = {isa = PBXBuildFile; fileRef = 3F8626E12848419200C93D8C /* Assets.xcassets */; };
		3F8626E52848419200C93D8C /* LaunchScreen.storyboard in Resources */ = {isa = PBXBuildFile; fileRef = 3F8626E32848419200C93D8C /* LaunchScreen.storyboard */; };
		3F8626E82848419200C93D8C /* main.m in Sources */ = {isa = PBXBuildFile; fileRef = 3F8626E72848419200C93D8C /* main.m */; };
		3F8626F22848419200C93D8C /* IntegrityCheck_IOSTests.m in Sources */ = {isa = PBXBuildFile; fileRef = 3F8626F12848419200C93D8C /* IntegrityCheck_IOSTests.m */; };
		3F8626FC2848419200C93D8C /* IntegrityCheck_IOSUITests.m in Sources */ = {isa = PBXBuildFile; fileRef = 3F8626FB2848419200C93D8C /* IntegrityCheck_IOSUITests.m */; };
		3F8626FE2848419200C93D8C /* IntegrityCheck_IOSUITestsLaunchTests.m in Sources */ = {isa = PBXBuildFile; fileRef = 3F8626FD2848419200C93D8C /* IntegrityCheck_IOSUITestsLaunchTests.m */; };
/* End PBXBuildFile section */

/* Begin PBXContainerItemProxy section */
		3F8626EE2848419200C93D8C /* PBXContainerItemProxy */ = {
			isa = PBXContainerItemProxy;
			containerPortal = 3F8626CA2848418F00C93D8C /* Project object */;
			proxyType = 1;
			remoteGlobalIDString = 3F8626D12848418F00C93D8C;
			remoteInfo = IntegrityCheck_IOS;
		};
		3F8626F82848419200C93D8C /* PBXContainerItemProxy */ = {
			isa = PBXContainerItemProxy;
			containerPortal = 3F8626CA2848418F00C93D8C /* Project object */;
			proxyType = 1;
			remoteGlobalIDString = 3F8626D12848418F00C93D8C;
			remoteInfo = IntegrityCheck_IOS;
		};
/* End PBXContainerItemProxy section */

/* Begin PBXFileReference section */
		3F8626D22848418F00C93D8C /* IntegrityCheck_IOS.app */ = {isa = PBXFileReference; explicitFileType = wrapper.application; includeInIndex = 0; path = IntegrityCheck_IOS.app; sourceTree = BUILT_PRODUCTS_DIR; };
		3F8626D52848418F00C93D8C /* AppDelegate.h */ = {isa = PBXFileReference; lastKnownFileType = sourcecode.c.h; path = AppDelegate.h; sourceTree = "<group>"; };
		3F8626D62848418F00C93D8C /* AppDelegate.m */ = {isa = PBXFileReference; lastKnownFileType = sourcecode.c.objc; path = AppDelegate.m; sourceTree = "<group>"; };
		3F8626D82848418F00C93D8C /* SceneDelegate.h */ = {isa = PBXFileReference; lastKnownFileType = sourcecode.c.h; path = SceneDelegate.h; sourceTree = "<group>"; };
		3F8626D92848418F00C93D8C /* SceneDelegate.m */ = {isa = PBXFileReference; lastKnownFileType = sourcecode.c.objc; path = SceneDelegate.m; sourceTree = "<group>"; };
		3F8626DB2848418F00C93D8C /* ViewController.h */ = {isa = PBXFileReference; lastKnownFileType = sourcecode.c.h; path = ViewController.h; sourceTree = "<group>"; };
		3F8626DC2848418F00C93D8C /* ViewController.m */ = {isa = PBXFileReference; lastKnownFileType = sourcecode.c.objc; path = ViewController.m; sourceTree = "<group>"; };
		3F8626DF2848418F00C93D8C /* Base */ = {isa = PBXFileReference; lastKnownFileType = file.storyboard; name = Base; path = Base.lproj/Main.storyboard; sourceTree = "<group>"; };
		3F8626E12848419200C93D8C /* Assets.xcassets */ = {isa = PBXFileReference; lastKnownFileType = folder.assetcatalog; path = Assets.xcassets; sourceTree = "<group>"; };
		3F8626E42848419200C93D8C /* Base */ = {isa = PBXFileReference; lastKnownFileType = file.storyboard; name = Base; path = Base.lproj/LaunchScreen.storyboard; sourceTree = "<group>"; };
		3F8626E62848419200C93D8C /* Info.plist */ = {isa = PBXFileReference; lastKnownFileType = text.plist.xml; path = Info.plist; sourceTree = "<group>"; };
		3F8626E72848419200C93D8C /* main.m */ = {isa = PBXFileReference; lastKnownFileType = sourcecode.c.objc; path = main.m; sourceTree = "<group>"; };
		3F8626ED2848419200C93D8C /* IntegrityCheck_IOSTests.xctest */ = {isa = PBXFileReference; explicitFileType = wrapper.cfbundle; includeInIndex = 0; path = IntegrityCheck_IOSTests.xctest; sourceTree = BUILT_PRODUCTS_DIR; };
		3F8626F12848419200C93D8C /* IntegrityCheck_IOSTests.m */ = {isa = PBXFileReference; lastKnownFileType = sourcecode.c.objc; path = IntegrityCheck_IOSTests.m; sourceTree = "<group>"; };
		3F8626F72848419200C93D8C /* IntegrityCheck_IOSUITests.xctest */ = {isa = PBXFileReference; explicitFileType = wrapper.cfbundle; includeInIndex = 0; path = IntegrityCheck_IOSUITests.xctest; sourceTree = BUILT_PRODUCTS_DIR; };
		3F8626FB2848419200C93D8C /* IntegrityCheck_IOSUITests.m */ = {isa = PBXFileReference; lastKnownFileType = sourcecode.c.objc; path = IntegrityCheck_IOSUITests.m; sourceTree = "<group>"; };
		3F8626FD2848419200C93D8C /* IntegrityCheck_IOSUITestsLaunchTests.m */ = {isa = PBXFileReference; lastKnownFileType = sourcecode.c.objc; path = IntegrityCheck_IOSUITestsLaunchTests.m; sourceTree = "<group>"; };
/* End PBXFileReference section */

/* Begin PBXFrameworksBuildPhase section */
		3F8626CF2848418F00C93D8C /* Frameworks */ = {
			isa = PBXFrameworksBuildPhase;
			buildActionMask = 2147483647;
			files = (
			);
			runOnlyForDeploymentPostprocessing = 0;
		};
		3F8626EA2848419200C93D8C /* Frameworks */ = {
			isa = PBXFrameworksBuildPhase;
			buildActionMask = 2147483647;
			files = (
			);
			runOnlyForDeploymentPostprocessing = 0;
		};
		3F8626F42848419200C93D8C /* Frameworks */ = {
			isa = PBXFrameworksBuildPhase;
			buildActionMask = 2147483647;
			files = (
			);
			runOnlyForDeploymentPostprocessing = 0;
		};
/* End PBXFrameworksBuildPhase section */

/* Begin PBXGroup section */
		3F8626C92848418F00C93D8C = {
			isa = PBXGroup;
			children = (
				3F8626D42848418F00C93D8C /* IntegrityCheck_IOS */,
				3F8626F02848419200C93D8C /* IntegrityCheck_IOSTests */,
				3F8626FA2848419200C93D8C /* IntegrityCheck_IOSUITests */,
				3F8626D32848418F00C93D8C /* Products */,
			);
			sourceTree = "<group>";
		};
		3F8626D32848418F00C93D8C /* Products */ = {
			isa = PBXGroup;
			children = (
				3F8626D22848418F00C93D8C /* IntegrityCheck_IOS.app */,
				3F8626ED2848419200C93D8C /* IntegrityCheck_IOSTests.xctest */,
				3F8626F72848419200C93D8C /* IntegrityCheck_IOSUITests.xctest */,
			);
			name = Products;
			sourceTree = "<group>";
		};
		3F8626D42848418F00C93D8C /* IntegrityCheck_IOS */ = {
			isa = PBXGroup;
			children = (
				3F8626D52848418F00C93D8C /* AppDelegate.h */,
				3F8626D62848418F00C93D8C /* AppDelegate.m */,
				3F8626D82848418F00C93D8C /* SceneDelegate.h */,
				3F8626D92848418F00C93D8C /* SceneDelegate.m */,
				3F8626DB2848418F00C93D8C /* ViewController.h */,
				3F8626DC2848418F00C93D8C /* ViewController.m */,
				3F8626DE2848418F00C93D8C /* Main.storyboard */,
				3F8626E12848419200C93D8C /* Assets.xcassets */,
				3F8626E32848419200C93D8C /* LaunchScreen.storyboard */,
				3F8626E62848419200C93D8C /* Info.plist */,
				3F8626E72848419200C93D8C /* main.m */,
			);
			path = IntegrityCheck_IOS;
			sourceTree = "<group>";
		};
		3F8626F02848419200C93D8C /* IntegrityCheck_IOSTests */ = {
			isa = PBXGroup;
			children = (
				3F8626F12848419200C93D8C /* IntegrityCheck_IOSTests.m */,
			);
			path = IntegrityCheck_IOSTests;
			sourceTree = "<group>";
		};
		3F8626FA2848419200C93D8C /* IntegrityCheck_IOSUITests */ = {
			isa = PBXGroup;
			children = (
				3F8626FB2848419200C93D8C /* IntegrityCheck_IOSUITests.m */,
				3F8626FD2848419200C93D8C /* IntegrityCheck_IOSUITestsLaunchTests.m */,
			);
			path = IntegrityCheck_IOSUITests;
			sourceTree = "<group>";
		};
/* End PBXGroup section */

/* Begin PBXNativeTarget section */
		3F8626D12848418F00C93D8C /* IntegrityCheck_IOS */ = {
			isa = PBXNativeTarget;
			buildConfigurationList = 3F8627012848419200C93D8C /* Build configuration list for PBXNativeTarget "IntegrityCheck_IOS" */;
			buildPhases = (
				3F8626CE2848418F00C93D8C /* Sources */,
				3F8626CF2848418F00C93D8C /* Frameworks */,
				3F8626D02848418F00C93D8C /* Resources */,
			);
			buildRules = (
			);
			dependencies = (
			);
			name = IntegrityCheck_IOS;
			productName = IntegrityCheck_IOS;
			productReference = 3F8626D22848418F00C93D8C /* IntegrityCheck_IOS.app */;
			productType = "com.apple.product-type.application";
		};
		3F8626EC2848419200C93D8C /* IntegrityCheck_IOSTests */ = {
			isa = PBXNativeTarget;
			buildConfigurationList = 3F8627042848419200C93D8C /* Build configuration list for PBXNativeTarget "IntegrityCheck_IOSTests" */;
			buildPhases = (
				3F8626E92848419200C93D8C /* Sources */,
				3F8626EA2848419200C93D8C /* Frameworks */,
				3F8626EB2848419200C93D8C /* Resources */,
			);
			buildRules = (
			);
			dependencies = (
				3F8626EF2848419200C93D8C /* PBXTargetDependency */,
			);
			name = IntegrityCheck_IOSTests;
			productName = IntegrityCheck_IOSTests;
			productReference = 3F8626ED2848419200C93D8C /* IntegrityCheck_IOSTests.xctest */;
			productType = "com.apple.product-type.bundle.unit-test";
		};
		3F8626F62848419200C93D8C /* IntegrityCheck_IOSUITests */ = {
			isa = PBXNativeTarget;
			buildConfigurationList = 3F8627072848419200C93D8C /* Build configuration list for PBXNativeTarget "IntegrityCheck_IOSUITests" */;
			buildPhases = (
				3F8626F32848419200C93D8C /* Sources */,
				3F8626F42848419200C93D8C /* Frameworks */,
				3F8626F52848419200C93D8C /* Resources */,
			);
			buildRules = (
			);
			dependencies = (
				3F8626F92848419200C93D8C /* PBXTargetDependency */,
			);
			name = IntegrityCheck_IOSUITests;
			productName = IntegrityCheck_IOSUITests;
			productReference = 3F8626F72848419200C93D8C /* IntegrityCheck_IOSUITests.xctest */;
			productType = "com.apple.product-type.bundle.ui-testing";
		};
/* End PBXNativeTarget section */

/* Begin PBXProject section */
		3F8626CA2848418F00C93D8C /* Project object */ = {
			isa = PBXProject;
			attributes = {
				BuildIndependentTargetsInParallel = 1;
				LastUpgradeCheck = 1330;
				TargetAttributes = {
					3F8626D12848418F00C93D8C = {
						CreatedOnToolsVersion = 13.3.1;
					};
					3F8626EC2848419200C93D8C = {
						CreatedOnToolsVersion = 13.3.1;
						TestTargetID = 3F8626D12848418F00C93D8C;
					};
					3F8626F62848419200C93D8C = {
						CreatedOnToolsVersion = 13.3.1;
						TestTargetID = 3F8626D12848418F00C93D8C;
					};
				};
			};
			buildConfigurationList = 3F8626CD2848418F00C93D8C /* Build configuration list for PBXProject "IntegrityCheck_IOS" */;
			compatibilityVersion = "Xcode 13.0";
			developmentRegion = en;
			hasScannedForEncodings = 0;
			knownRegions = (
				en,
				Base,
			);
			mainGroup = 3F8626C92848418F00C93D8C;
			productRefGroup = 3F8626D32848418F00C93D8C /* Products */;
			projectDirPath = "";
			projectRoot = "";
			targets = (
				3F8626D12848418F00C93D8C /* IntegrityCheck_IOS */,
				3F8626EC2848419200C93D8C /* IntegrityCheck_IOSTests */,
				3F8626F62848419200C93D8C /* IntegrityCheck_IOSUITests */,
			);
		};
/* End PBXProject section */

/* Begin PBXResourcesBuildPhase section */
		3F8626D02848418F00C93D8C /* Resources */ = {
			isa = PBXResourcesBuildPhase;
			buildActionMask = 2147483647;
			files = (
				3F8626E52848419200C93D8C /* LaunchScreen.storyboard in Resources */,
				3F8626E22848419200C93D8C /* Assets.xcassets in Resources */,
				3F8626E02848418F00C93D8C /* Main.storyboard in Resources */,
			);
			runOnlyForDeploymentPostprocessing = 0;
		};
		3F8626EB2848419200C93D8C /* Resources */ = {
			isa = PBXResourcesBuildPhase;
			buildActionMask = 2147483647;
			files = (
			);
			runOnlyForDeploymentPostprocessing = 0;
		};
		3F8626F52848419200C93D8C /* Resources */ = {
			isa = PBXResourcesBuildPhase;
			buildActionMask = 2147483647;
			files = (
			);
			runOnlyForDeploymentPostprocessing = 0;
		};
/* End PBXResourcesBuildPhase section */

/* Begin PBXSourcesBuildPhase section */
		3F8626CE2848418F00C93D8C /* Sources */ = {
			isa = PBXSourcesBuildPhase;
			buildActionMask = 2147483647;
			files = (
				3F8626DD2848418F00C93D8C /* ViewController.m in Sources */,
				3F8626D72848418F00C93D8C /* AppDelegate.m in Sources */,
				3F8626E82848419200C93D8C /* main.m in Sources */,
				3F8626DA2848418F00C93D8C /* SceneDelegate.m in Sources */,
			);
			runOnlyForDeploymentPostprocessing = 0;
		};
		3F8626E92848419200C93D8C /* Sources */ = {
			isa = PBXSourcesBuildPhase;
			buildActionMask = 2147483647;
			files = (
				3F8626F22848419200C93D8C /* IntegrityCheck_IOSTests.m in Sources */,
			);
			runOnlyForDeploymentPostprocessing = 0;
		};
		3F8626F32848419200C93D8C /* Sources */ = {
			isa = PBXSourcesBuildPhase;
			buildActionMask = 2147483647;
			files = (
				3F8626FC2848419200C93D8C /* IntegrityCheck_IOSUITests.m in Sources */,
				3F8626FE2848419200C93D8C /* IntegrityCheck_IOSUITestsLaunchTests.m in Sources */,
			);
			runOnlyForDeploymentPostprocessing = 0;
		};
/* End PBXSourcesBuildPhase section */

/* Begin PBXTargetDependency section */
		3F8626EF2848419200C93D8C /* PBXTargetDependency */ = {
			isa = PBXTargetDependency;
			target = 3F8626D12848418F00C93D8C /* IntegrityCheck_IOS */;
			targetProxy = 3F8626EE2848419200C93D8C /* PBXContainerItemProxy */;
		};
		3F8626F92848419200C93D8C /* PBXTargetDependency */ = {
			isa = PBXTargetDependency;
			target = 3F8626D12848418F00C93D8C /* IntegrityCheck_IOS */;
			targetProxy = 3F8626F82848419200C93D8C /* PBXContainerItemProxy */;
		};
/* End PBXTargetDependency section */

/* Begin PBXVariantGroup section */
		3F8626DE2848418F00C93D8C /* Main.storyboard */ = {
			isa = PBXVariantGroup;
			children = (
				3F8626DF2848418F00C93D8C /* Base */,
			);
			name = Main.storyboard;
			sourceTree = "<group>";
		};
		3F8626E32848419200C93D8C /* LaunchScreen.storyboard */ = {
			isa = PBXVariantGroup;
			children = (
				3F8626E42848419200C93D8C /* Base */,
			);
			name = LaunchScreen.storyboard;
			sourceTree = "<group>";
		};
/* End PBXVariantGroup section */

/* Begin XCBuildConfiguration section */
		3F8626FF2848419200C93D8C /* Debug */ = {
			isa = XCBuildConfiguration;
			buildSettings = {
				ALWAYS_SEARCH_USER_PATHS = NO;
				CLANG_ANALYZER_NONNULL = YES;
				CLANG_ANALYZER_NUMBER_OBJECT_CONVERSION = YES_AGGRESSIVE;
				CLANG_CXX_LANGUAGE_STANDARD = "gnu++17";
				CLANG_ENABLE_MODULES = YES;
				CLANG_ENABLE_OBJC_ARC = YES;
				CLANG_ENABLE_OBJC_WEAK = YES;
				CLANG_WARN_BLOCK_CAPTURE_AUTORELEASING = YES;
				CLANG_WARN_BOOL_CONVERSION = YES;
				CLANG_WARN_COMMA = YES;
				CLANG_WARN_CONSTANT_CONVERSION = YES;
				CLANG_WARN_DEPRECATED_OBJC_IMPLEMENTATIONS = YES;
				CLANG_WARN_DIRECT_OBJC_ISA_USAGE = YES_ERROR;
				CLANG_WARN_DOCUMENTATION_COMMENTS = YES;
				CLANG_WARN_EMPTY_BODY = YES;
				CLANG_WARN_ENUM_CONVERSION = YES;
				CLANG_WARN_INFINITE_RECURSION = YES;
				CLANG_WARN_INT_CONVERSION = YES;
				CLANG_WARN_NON_LITERAL_NULL_CONVERSION = YES;
				CLANG_WARN_OBJC_IMPLICIT_RETAIN_SELF = YES;
				CLANG_WARN_OBJC_LITERAL_CONVERSION = YES;
				CLANG_WARN_OBJC_ROOT_CLASS = YES_ERROR;
				CLANG_WARN_QUOTED_INCLUDE_IN_FRAMEWORK_HEADER = YES;
				CLANG_WARN_RANGE_LOOP_ANALYSIS = YES;
				CLANG_WARN_STRICT_PROTOTYPES = YES;
				CLANG_WARN_SUSPICIOUS_MOVE = YES;
				CLANG_WARN_UNGUARDED_AVAILABILITY = YES_AGGRESSIVE;
				CLANG_WARN_UNREACHABLE_CODE = YES;
				CLANG_WARN__DUPLICATE_METHOD_MATCH = YES;
				COPY_PHASE_STRIP = NO;
				DEBUG_INFORMATION_FORMAT = dwarf;
				ENABLE_STRICT_OBJC_MSGSEND = YES;
				ENABLE_TESTABILITY = YES;
				GCC_C_LANGUAGE_STANDARD = gnu11;
				GCC_DYNAMIC_NO_PIC = NO;
				GCC_NO_COMMON_BLOCKS = YES;
				GCC_OPTIMIZATION_LEVEL = 0;
				GCC_PREPROCESSOR_DEFINITIONS = (
					"DEBUG=1",
					"$(inherited)",
				);
				GCC_WARN_64_TO_32_BIT_CONVERSION = YES;
				GCC_WARN_ABOUT_RETURN_TYPE = YES_ERROR;
				GCC_WARN_UNDECLARED_SELECTOR = YES;
				GCC_WARN_UNINITIALIZED_AUTOS = YES_AGGRESSIVE;
				GCC_WARN_UNUSED_FUNCTION = YES;
				GCC_WARN_UNUSED_VARIABLE = YES;
				IPHONEOS_DEPLOYMENT_TARGET = 15.4;
				MTL_ENABLE_DEBUG_INFO = INCLUDE_SOURCE;
				MTL_FAST_MATH = YES;
				ONLY_ACTIVE_ARCH = YES;
				SDKROOT = iphoneos;
			};
			name = Debug;
		};
		3F8627002848419200C93D8C /* Release */ = {
			isa = XCBuildConfiguration;
			buildSettings = {
				ALWAYS_SEARCH_USER_PATHS = NO;
				CLANG_ANALYZER_NONNULL = YES;
				CLANG_ANALYZER_NUMBER_OBJECT_CONVERSION = YES_AGGRESSIVE;
				CLANG_CXX_LANGUAGE_STANDARD = "gnu++17";
				CLANG_ENABLE_MODULES = YES;
				CLANG_ENABLE_OBJC_ARC = YES;
				CLANG_ENABLE_OBJC_WEAK = YES;
				CLANG_WARN_BLOCK_CAPTURE_AUTORELEASING = YES;
				CLANG_WARN_BOOL_CONVERSION = YES;
				CLANG_WARN_COMMA = YES;
				CLANG_WARN_CONSTANT_CONVERSION = YES;
				CLANG_WARN_DEPRECATED_OBJC_IMPLEMENTATIONS = YES;
				CLANG_WARN_DIRECT_OBJC_ISA_USAGE = YES_ERROR;
				CLANG_WARN_DOCUMENTATION_COMMENTS = YES;
				CLANG_WARN_EMPTY_BODY = YES;
				CLANG_WARN_ENUM_CONVERSION = YES;
				CLANG_WARN_INFINITE_RECURSION = YES;
				CLANG_WARN_INT_CONVERSION = YES;
				CLANG_WARN_NON_LITERAL_NULL_CONVERSION = YES;
				CLANG_WARN_OBJC_IMPLICIT_RETAIN_SELF = YES;
				CLANG_WARN_OBJC_LITERAL_CONVERSION = YES;
				CLANG_WARN_OBJC_ROOT_CLASS = YES_ERROR;
				CLANG_WARN_QUOTED_INCLUDE_IN_FRAMEWORK_HEADER = YES;
				CLANG_WARN_RANGE_LOOP_ANALYSIS = YES;
				CLANG_WARN_STRICT_PROTOTYPES = YES;
				CLANG_WARN_SUSPICIOUS_MOVE = YES;
				CLANG_WARN_UNGUARDED_AVAILABILITY = YES_AGGRESSIVE;
				CLANG_WARN_UNREACHABLE_CODE = YES;
				CLANG_WARN__DUPLICATE_METHOD_MATCH = YES;
				COPY_PHASE_STRIP = NO;
				DEBUG_INFORMATION_FORMAT = "dwarf-with-dsym";
				ENABLE_NS_ASSERTIONS = NO;
				ENABLE_STRICT_OBJC_MSGSEND = YES;
				GCC_C_LANGUAGE_STANDARD = gnu11;
				GCC_NO_COMMON_BLOCKS = YES;
				GCC_WARN_64_TO_32_BIT_CONVERSION = YES;
				GCC_WARN_ABOUT_RETURN_TYPE = YES_ERROR;
				GCC_WARN_UNDECLARED_SELECTOR = YES;
				GCC_WARN_UNINITIALIZED_AUTOS = YES_AGGRESSIVE;
				GCC_WARN_UNUSED_FUNCTION = YES;
				GCC_WARN_UNUSED_VARIABLE = YES;
				IPHONEOS_DEPLOYMENT_TARGET = 15.4;
				MTL_ENABLE_DEBUG_INFO = NO;
				MTL_FAST_MATH = YES;
				SDKROOT = iphoneos;
				VALIDATE_PRODUCT = YES;
			};
			name = Release;
		};
		3F8627022848419200C93D8C /* Debug */ = {
			isa = XCBuildConfiguration;
			buildSettings = {
				ASSETCATALOG_COMPILER_APPICON_NAME = AppIcon;
				ASSETCATALOG_COMPILER_GLOBAL_ACCENT_COLOR_NAME = AccentColor;
				CODE_SIGN_STYLE = Automatic;
				CURRENT_PROJECT_VERSION = 1;
				DEVELOPMENT_TEAM = 9964C8R9V2;
				GENERATE_INFOPLIST_FILE = YES;
				INFOPLIST_FILE = IntegrityCheck_IOS/Info.plist;
				INFOPLIST_KEY_UIApplicationSupportsIndirectInputEvents = YES;
				INFOPLIST_KEY_UILaunchStoryboardName = LaunchScreen;
				INFOPLIST_KEY_UIMainStoryboardFile = Main;
				INFOPLIST_KEY_UISupportedInterfaceOrientations_iPad = "UIInterfaceOrientationPortrait UIInterfaceOrientationPortraitUpsideDown UIInterfaceOrientationLandscapeLeft UIInterfaceOrientationLandscapeRight";
				INFOPLIST_KEY_UISupportedInterfaceOrientations_iPhone = "UIInterfaceOrientationPortrait UIInterfaceOrientationLandscapeLeft UIInterfaceOrientationLandscapeRight";
				LD_RUNPATH_SEARCH_PATHS = (
					"$(inherited)",
					"@executable_path/Frameworks",
				);
				MARKETING_VERSION = 1.0;
				PRODUCT_BUNDLE_IDENTIFIER = "com.test.IntegrityCheck-IOS";
				PRODUCT_NAME = "$(TARGET_NAME)";
				SWIFT_EMIT_LOC_STRINGS = YES;
				TARGETED_DEVICE_FAMILY = "1,2";
			};
			name = Debug;
		};
		3F8627032848419200C93D8C /* Release */ = {
			isa = XCBuildConfiguration;
			buildSettings = {
				ASSETCATALOG_COMPILER_APPICON_NAME = AppIcon;
				ASSETCATALOG_COMPILER_GLOBAL_ACCENT_COLOR_NAME = AccentColor;
				CODE_SIGN_STYLE = Automatic;
				CURRENT_PROJECT_VERSION = 1;
				DEVELOPMENT_TEAM = 9964C8R9V2;
				GENERATE_INFOPLIST_FILE = YES;
				INFOPLIST_FILE = IntegrityCheck_IOS/Info.plist;
				INFOPLIST_KEY_UIApplicationSupportsIndirectInputEvents = YES;
				INFOPLIST_KEY_UILaunchStoryboardName = LaunchScreen;
				INFOPLIST_KEY_UIMainStoryboardFile = Main;
				INFOPLIST_KEY_UISupportedInterfaceOrientations_iPad = "UIInterfaceOrientationPortrait UIInterfaceOrientationPortraitUpsideDown UIInterfaceOrientationLandscapeLeft UIInterfaceOrientationLandscapeRight";
				INFOPLIST_KEY_UISupportedInterfaceOrientations_iPhone = "UIInterfaceOrientationPortrait UIInterfaceOrientationLandscapeLeft UIInterfaceOrientationLandscapeRight";
				LD_RUNPATH_SEARCH_PATHS = (
					"$(inherited)",
					"@executable_path/Frameworks",
				);
				MARKETING_VERSION = 1.0;
				PRODUCT_BUNDLE_IDENTIFIER = "com.test.IntegrityCheck-IOS";
				PRODUCT_NAME = "$(TARGET_NAME)";
				SWIFT_EMIT_LOC_STRINGS = YES;
				TARGETED_DEVICE_FAMILY = "1,2";
			};
			name = Release;
		};
		3F8627052848419200C93D8C /* Debug */ = {
			isa = XCBuildConfiguration;
			buildSettings = {
				BUNDLE_LOADER = "$(TEST_HOST)";
				CODE_SIGN_STYLE = Automatic;
				CURRENT_PROJECT_VERSION = 1;
				DEVELOPMENT_TEAM = 9964C8R9V2;
				GENERATE_INFOPLIST_FILE = YES;
				IPHONEOS_DEPLOYMENT_TARGET = 15.4;
				MARKETING_VERSION = 1.0;
				PRODUCT_BUNDLE_IDENTIFIER = "com.test.IntegrityCheck-IOSTests";
				PRODUCT_NAME = "$(TARGET_NAME)";
				SWIFT_EMIT_LOC_STRINGS = NO;
				TARGETED_DEVICE_FAMILY = "1,2";
				TEST_HOST = "$(BUILT_PRODUCTS_DIR)/IntegrityCheck_IOS.app/IntegrityCheck_IOS";
			};
			name = Debug;
		};
		3F8627062848419200C93D8C /* Release */ = {
			isa = XCBuildConfiguration;
			buildSettings = {
				BUNDLE_LOADER = "$(TEST_HOST)";
				CODE_SIGN_STYLE = Automatic;
				CURRENT_PROJECT_VERSION = 1;
				DEVELOPMENT_TEAM = 9964C8R9V2;
				GENERATE_INFOPLIST_FILE = YES;
				IPHONEOS_DEPLOYMENT_TARGET = 15.4;
				MARKETING_VERSION = 1.0;
				PRODUCT_BUNDLE_IDENTIFIER = "com.test.IntegrityCheck-IOSTests";
				PRODUCT_NAME = "$(TARGET_NAME)";
				SWIFT_EMIT_LOC_STRINGS = NO;
				TARGETED_DEVICE_FAMILY = "1,2";
				TEST_HOST = "$(BUILT_PRODUCTS_DIR)/IntegrityCheck_IOS.app/IntegrityCheck_IOS";
			};
			name = Release;
		};
		3F8627082848419200C93D8C /* Debug */ = {
			isa = XCBuildConfiguration;
			buildSettings = {
				CODE_SIGN_STYLE = Automatic;
				CURRENT_PROJECT_VERSION = 1;
				DEVELOPMENT_TEAM = 9964C8R9V2;
				GENERATE_INFOPLIST_FILE = YES;
				MARKETING_VERSION = 1.0;
				PRODUCT_BUNDLE_IDENTIFIER = "com.test.IntegrityCheck-IOSUITests";
				PRODUCT_NAME = "$(TARGET_NAME)";
				SWIFT_EMIT_LOC_STRINGS = NO;
				TARGETED_DEVICE_FAMILY = "1,2";
				TEST_TARGET_NAME = IntegrityCheck_IOS;
			};
			name = Debug;
		};
		3F8627092848419200C93D8C /* Release */ = {
			isa = XCBuildConfiguration;
			buildSettings = {
				CODE_SIGN_STYLE = Automatic;
				CURRENT_PROJECT_VERSION = 1;
				DEVELOPMENT_TEAM = 9964C8R9V2;
				GENERATE_INFOPLIST_FILE = YES;
				MARKETING_VERSION = 1.0;
				PRODUCT_BUNDLE_IDENTIFIER = "com.test.IntegrityCheck-IOSUITests";
				PRODUCT_NAME = "$(TARGET_NAME)";
				SWIFT_EMIT_LOC_STRINGS = NO;
				TARGETED_DEVICE_FAMILY = "1,2";
				TEST_TARGET_NAME = IntegrityCheck_IOS;
			};
			name = Release;
		};
/* End XCBuildConfiguration section */

/* Begin XCConfigurationList section */
		3F8626CD2848418F00C93D8C /* Build configuration list for PBXProject "IntegrityCheck_IOS" */ = {
			isa = XCConfigurationList;
			buildConfigurations = (
				3F8626FF2848419200C93D8C /* Debug */,
				3F8627002848419200C93D8C /* Release */,
			);
			defaultConfigurationIsVisible = 0;
			defaultConfigurationName = Release;
		};
		3F8627012848419200C93D8C /* Build configuration list for PBXNativeTarget "IntegrityCheck_IOS" */ = {
			isa = XCConfigurationList;
			buildConfigurations = (
				3F8627022848419200C93D8C /* Debug */,
				3F8627032848419200C93D8C /* Release */,
			);
			defaultConfigurationIsVisible = 0;
			defaultConfigurationName = Release;
		};
		3F8627042848419200C93D8C /* Build configuration list for PBXNativeTarget "IntegrityCheck_IOSTests" */ = {
			isa = XCConfigurationList;
			buildConfigurations = (
				3F8627052848419200C93D8C /* Debug */,
				3F8627062848419200C93D8C /* Release */,
			);
			defaultConfigurationIsVisible = 0;
			defaultConfigurationName = Release;
		};
		3F8627072848419200C93D8C /* Build configuration list for PBXNativeTarget "IntegrityCheck_IOSUITests" */ = {
			isa = XCConfigurationList;
			buildConfigurations = (
				3F8627082848419200C93D8C /* Debug */,
				3F8627092848419200C93D8C /* Release */,
			);
			defaultConfigurationIsVisible = 0;
			defaultConfigurationName = Release;
		};
/* End XCConfigurationList section */
	};
	rootObject = 3F8626CA2848418F00C93D8C /* Project object */;
}
