// !$*UTF8*$!
{
	archiveVersion = 1;
	classes = {
	};
	objectVersion = 50;
	objects = {

/* Begin PBXBuildFile section */
		9508F08129723A4400B87BF1 /* AppDelegate.m in Sources */ = {isa = PBXBuildFile; fileRef = 9508F08029723A4400B87BF1 /* AppDelegate.m */; };
		9508F08429723A4400B87BF1 /* SceneDelegate.m in Sources */ = {isa = PBXBuildFile; fileRef = 9508F08329723A4400B87BF1 /* SceneDelegate.m */; };
		9508F08729723A4400B87BF1 /* ViewController.m in Sources */ = {isa = PBXBuildFile; fileRef = 9508F08629723A4400B87BF1 /* ViewController.m */; };
		9508F08A29723A4400B87BF1 /* Main.storyboard in Resources */ = {isa = PBXBuildFile; fileRef = 9508F08829723A4400B87BF1 /* Main.storyboard */; };
		9508F08C29723A4500B87BF1 /* Assets.xcassets in Resources */ = {isa = PBXBuildFile; fileRef = 9508F08B29723A4500B87BF1 /* Assets.xcassets */; };
		9508F08F29723A4500B87BF1 /* LaunchScreen.storyboard in Resources */ = {isa = PBXBuildFile; fileRef = 9508F08D29723A4500B87BF1 /* LaunchScreen.storyboard */; };
		9508F09229723A4500B87BF1 /* main.m in Sources */ = {isa = PBXBuildFile; fileRef = 9508F09129723A4500B87BF1 /* main.m */; };
		959CA9E3297243C900932BDC /* AntiInject.m in Sources */ = {isa = PBXBuildFile; fileRef = 959CA9E1297243C900932BDC /* AntiInject.m */; };
/* End PBXBuildFile section */

/* Begin PBXFileReference section */
		9508F07C29723A4400B87BF1 /* AntiInject_10.app */ = {isa = PBXFileReference; explicitFileType = wrapper.application; includeInIndex = 0; path = AntiInject_10.app; sourceTree = BUILT_PRODUCTS_DIR; };
		9508F07F29723A4400B87BF1 /* AppDelegate.h */ = {isa = PBXFileReference; lastKnownFileType = sourcecode.c.h; path = AppDelegate.h; sourceTree = "<group>"; };
		9508F08029723A4400B87BF1 /* AppDelegate.m */ = {isa = PBXFileReference; lastKnownFileType = sourcecode.c.objc; path = AppDelegate.m; sourceTree = "<group>"; };
		9508F08229723A4400B87BF1 /* SceneDelegate.h */ = {isa = PBXFileReference; lastKnownFileType = sourcecode.c.h; path = SceneDelegate.h; sourceTree = "<group>"; };
		9508F08329723A4400B87BF1 /* SceneDelegate.m */ = {isa = PBXFileReference; lastKnownFileType = sourcecode.c.objc; path = SceneDelegate.m; sourceTree = "<group>"; };
		9508F08529723A4400B87BF1 /* ViewController.h */ = {isa = PBXFileReference; lastKnownFileType = sourcecode.c.h; path = ViewController.h; sourceTree = "<group>"; };
		9508F08629723A4400B87BF1 /* ViewController.m */ = {isa = PBXFileReference; lastKnownFileType = sourcecode.c.objc; path = ViewController.m; sourceTree = "<group>"; };
		9508F08929723A4400B87BF1 /* Base */ = {isa = PBXFileReference; lastKnownFileType = file.storyboard; name = Base; path = Base.lproj/Main.storyboard; sourceTree = "<group>"; };
		9508F08B29723A4500B87BF1 /* Assets.xcassets */ = {isa = PBXFileReference; lastKnownFileType = folder.assetcatalog; path = Assets.xcassets; sourceTree = "<group>"; };
		9508F08E29723A4500B87BF1 /* Base */ = {isa = PBXFileReference; lastKnownFileType = file.storyboard; name = Base; path = Base.lproj/LaunchScreen.storyboard; sourceTree = "<group>"; };
		9508F09029723A4500B87BF1 /* Info.plist */ = {isa = PBXFileReference; lastKnownFileType = text.plist.xml; path = Info.plist; sourceTree = "<group>"; };
		9508F09129723A4500B87BF1 /* main.m */ = {isa = PBXFileReference; lastKnownFileType = sourcecode.c.objc; path = main.m; sourceTree = "<group>"; };
		959CA9E1297243C900932BDC /* AntiInject.m */ = {isa = PBXFileReference; fileEncoding = 4; lastKnownFileType = sourcecode.c.objc; path = AntiInject.m; sourceTree = "<group>"; };
		959CA9E2297243C900932BDC /* AntiInject.h */ = {isa = PBXFileReference; fileEncoding = 4; lastKnownFileType = sourcecode.c.h; path = AntiInject.h; sourceTree = "<group>"; };
/* End PBXFileReference section */

/* Begin PBXFrameworksBuildPhase section */
		9508F07929723A4400B87BF1 /* Frameworks */ = {
			isa = PBXFrameworksBuildPhase;
			buildActionMask = 2147483647;
			files = (
			);
			runOnlyForDeploymentPostprocessing = 0;
		};
/* End PBXFrameworksBuildPhase section */

/* Begin PBXGroup section */
		9508F07329723A4400B87BF1 = {
			isa = PBXGroup;
			children = (
				9508F07E29723A4400B87BF1 /* AntiInject_10 */,
				9508F07D29723A4400B87BF1 /* Products */,
			);
			sourceTree = "<group>";
		};
		9508F07D29723A4400B87BF1 /* Products */ = {
			isa = PBXGroup;
			children = (
				9508F07C29723A4400B87BF1 /* AntiInject_10.app */,
			);
			name = Products;
			sourceTree = "<group>";
		};
		9508F07E29723A4400B87BF1 /* AntiInject_10 */ = {
			isa = PBXGroup;
			children = (
				959CA9E2297243C900932BDC /* AntiInject.h */,
				959CA9E1297243C900932BDC /* AntiInject.m */,
				9508F07F29723A4400B87BF1 /* AppDelegate.h */,
				9508F08029723A4400B87BF1 /* AppDelegate.m */,
				9508F08229723A4400B87BF1 /* SceneDelegate.h */,
				9508F08329723A4400B87BF1 /* SceneDelegate.m */,
				9508F08529723A4400B87BF1 /* ViewController.h */,
				9508F08629723A4400B87BF1 /* ViewController.m */,
				9508F08829723A4400B87BF1 /* Main.storyboard */,
				9508F08B29723A4500B87BF1 /* Assets.xcassets */,
				9508F08D29723A4500B87BF1 /* LaunchScreen.storyboard */,
				9508F09029723A4500B87BF1 /* Info.plist */,
				9508F09129723A4500B87BF1 /* main.m */,
			);
			path = AntiInject_10;
			sourceTree = "<group>";
		};
/* End PBXGroup section */

/* Begin PBXNativeTarget section */
		9508F07B29723A4400B87BF1 /* AntiInject_10 */ = {
			isa = PBXNativeTarget;
			buildConfigurationList = 9508F09529723A4500B87BF1 /* Build configuration list for PBXNativeTarget "AntiInject_10" */;
			buildPhases = (
				9508F07829723A4400B87BF1 /* Sources */,
				9508F07929723A4400B87BF1 /* Frameworks */,
				9508F07A29723A4400B87BF1 /* Resources */,
			);
			buildRules = (
			);
			dependencies = (
			);
			name = AntiInject_10;
			productName = AntiInject_10;
			productReference = 9508F07C29723A4400B87BF1 /* AntiInject_10.app */;
			productType = "com.apple.product-type.application";
		};
/* End PBXNativeTarget section */

/* Begin PBXProject section */
		9508F07429723A4400B87BF1 /* Project object */ = {
			isa = PBXProject;
			attributes = {
				LastUpgradeCheck = 1120;
				ORGANIZATIONNAME = Ann;
				TargetAttributes = {
					9508F07B29723A4400B87BF1 = {
						CreatedOnToolsVersion = 11.2;
					};
				};
			};
			buildConfigurationList = 9508F07729723A4400B87BF1 /* Build configuration list for PBXProject "AntiInject_10" */;
			compatibilityVersion = "Xcode 9.3";
			developmentRegion = en;
			hasScannedForEncodings = 0;
			knownRegions = (
				en,
				Base,
			);
			mainGroup = 9508F07329723A4400B87BF1;
			productRefGroup = 9508F07D29723A4400B87BF1 /* Products */;
			projectDirPath = "";
			projectRoot = "";
			targets = (
				9508F07B29723A4400B87BF1 /* AntiInject_10 */,
			);
		};
/* End PBXProject section */

/* Begin PBXResourcesBuildPhase section */
		9508F07A29723A4400B87BF1 /* Resources */ = {
			isa = PBXResourcesBuildPhase;
			buildActionMask = 2147483647;
			files = (
				9508F08F29723A4500B87BF1 /* LaunchScreen.storyboard in Resources */,
				9508F08C29723A4500B87BF1 /* Assets.xcassets in Resources */,
				9508F08A29723A4400B87BF1 /* Main.storyboard in Resources */,
			);
			runOnlyForDeploymentPostprocessing = 0;
		};
/* End PBXResourcesBuildPhase section */

/* Begin PBXSourcesBuildPhase section */
		9508F07829723A4400B87BF1 /* Sources */ = {
			isa = PBXSourcesBuildPhase;
			buildActionMask = 2147483647;
			files = (
				9508F08729723A4400B87BF1 /* ViewController.m in Sources */,
				9508F08129723A4400B87BF1 /* AppDelegate.m in Sources */,
				9508F09229723A4500B87BF1 /* main.m in Sources */,
				959CA9E3297243C900932BDC /* AntiInject.m in Sources */,
				9508F08429723A4400B87BF1 /* SceneDelegate.m in Sources */,
			);
			runOnlyForDeploymentPostprocessing = 0;
		};
/* End PBXSourcesBuildPhase section */

/* Begin PBXVariantGroup section */
		9508F08829723A4400B87BF1 /* Main.storyboard */ = {
			isa = PBXVariantGroup;
			children = (
				9508F08929723A4400B87BF1 /* Base */,
			);
			name = Main.storyboard;
			sourceTree = "<group>";
		};
		9508F08D29723A4500B87BF1 /* LaunchScreen.storyboard */ = {
			isa = PBXVariantGroup;
			children = (
				9508F08E29723A4500B87BF1 /* Base */,
			);
			name = LaunchScreen.storyboard;
			sourceTree = "<group>";
		};
/* End PBXVariantGroup section */

/* Begin XCBuildConfiguration section */
		9508F09329723A4500B87BF1 /* Debug */ = {
			isa = XCBuildConfiguration;
			buildSettings = {
				ALWAYS_SEARCH_USER_PATHS = NO;
				CLANG_ANALYZER_NONNULL = YES;
				CLANG_ANALYZER_NUMBER_OBJECT_CONVERSION = YES_AGGRESSIVE;
				CLANG_CXX_LANGUAGE_STANDARD = "gnu++14";
				CLANG_CXX_LIBRARY = "libc++";
				CLANG_ENABLE_MODULES = YES;
				CLANG_ENABLE_OBJC_ARC = YES;
				CLANG_ENABLE_OBJC_WEAK = YES;
				CLANG_WARN_BLOCK_CAPTURE_AUTORELEASING = YES;
				CLANG_WARN_BOOL_CONVERSION = YES;
				CLANG_WARN_COMMA = YES;
				CLANG_WARN_CONSTANT_CONVERSION = YES;
				CLANG_WARN_DEPRECATED_OBJC_IMPLEMENTATIONS = YES;
				CLANG_WARN_DIRECT_OBJC_ISA_USAGE = YES_ERROR;
				CLANG_WARN_DOCUMENTATION_COMMENTS = YES;
				CLANG_WARN_EMPTY_BODY = YES;
				CLANG_WARN_ENUM_CONVERSION = YES;
				CLANG_WARN_INFINITE_RECURSION = YES;
				CLANG_WARN_INT_CONVERSION = YES;
				CLANG_WARN_NON_LITERAL_NULL_CONVERSION = YES;
				CLANG_WARN_OBJC_IMPLICIT_RETAIN_SELF = YES;
				CLANG_WARN_OBJC_LITERAL_CONVERSION = YES;
				CLANG_WARN_OBJC_ROOT_CLASS = YES_ERROR;
				CLANG_WARN_RANGE_LOOP_ANALYSIS = YES;
				CLANG_WARN_STRICT_PROTOTYPES = YES;
				CLANG_WARN_SUSPICIOUS_MOVE = YES;
				CLANG_WARN_UNGUARDED_AVAILABILITY = YES_AGGRESSIVE;
				CLANG_WARN_UNREACHABLE_CODE = YES;
				CLANG_WARN__DUPLICATE_METHOD_MATCH = YES;
				COPY_PHASE_STRIP = NO;
				DEBUG_INFORMATION_FORMAT = dwarf;
				ENABLE_STRICT_OBJC_MSGSEND = YES;
				ENABLE_TESTABILITY = YES;
				GCC_C_LANGUAGE_STANDARD = gnu11;
				GCC_DYNAMIC_NO_PIC = NO;
				GCC_NO_COMMON_BLOCKS = YES;
				GCC_OPTIMIZATION_LEVEL = 0;
				GCC_PREPROCESSOR_DEFINITIONS = (
					"DEBUG=1",
					"$(inherited)",
				);
				GCC_WARN_64_TO_32_BIT_CONVERSION = YES;
				GCC_WARN_ABOUT_RETURN_TYPE = YES_ERROR;
				GCC_WARN_UNDECLARED_SELECTOR = YES;
				GCC_WARN_UNINITIALIZED_AUTOS = YES_AGGRESSIVE;
				GCC_WARN_UNUSED_FUNCTION = YES;
				GCC_WARN_UNUSED_VARIABLE = YES;
				IPHONEOS_DEPLOYMENT_TARGET = 13.2;
				MTL_ENABLE_DEBUG_INFO = INCLUDE_SOURCE;
				MTL_FAST_MATH = YES;
				ONLY_ACTIVE_ARCH = YES;
				SDKROOT = iphoneos;
			};
			name = Debug;
		};
		9508F09429723A4500B87BF1 /* Release */ = {
			isa = XCBuildConfiguration;
			buildSettings = {
				ALWAYS_SEARCH_USER_PATHS = NO;
				CLANG_ANALYZER_NONNULL = YES;
				CLANG_ANALYZER_NUMBER_OBJECT_CONVERSION = YES_AGGRESSIVE;
				CLANG_CXX_LANGUAGE_STANDARD = "gnu++14";
				CLANG_CXX_LIBRARY = "libc++";
				CLANG_ENABLE_MODULES = YES;
				CLANG_ENABLE_OBJC_ARC = YES;
				CLANG_ENABLE_OBJC_WEAK = YES;
				CLANG_WARN_BLOCK_CAPTURE_AUTORELEASING = YES;
				CLANG_WARN_BOOL_CONVERSION = YES;
				CLANG_WARN_COMMA = YES;
				CLANG_WARN_CONSTANT_CONVERSION = YES;
				CLANG_WARN_DEPRECATED_OBJC_IMPLEMENTATIONS = YES;
				CLANG_WARN_DIRECT_OBJC_ISA_USAGE = YES_ERROR;
				CLANG_WARN_DOCUMENTATION_COMMENTS = YES;
				CLANG_WARN_EMPTY_BODY = YES;
				CLANG_WARN_ENUM_CONVERSION = YES;
				CLANG_WARN_INFINITE_RECURSION = YES;
				CLANG_WARN_INT_CONVERSION = YES;
				CLANG_WARN_NON_LITERAL_NULL_CONVERSION = YES;
				CLANG_WARN_OBJC_IMPLICIT_RETAIN_SELF = YES;
				CLANG_WARN_OBJC_LITERAL_CONVERSION = YES;
				CLANG_WARN_OBJC_ROOT_CLASS = YES_ERROR;
				CLANG_WARN_RANGE_LOOP_ANALYSIS = YES;
				CLANG_WARN_STRICT_PROTOTYPES = YES;
				CLANG_WARN_SUSPICIOUS_MOVE = YES;
				CLANG_WARN_UNGUARDED_AVAILABILITY = YES_AGGRESSIVE;
				CLANG_WARN_UNREACHABLE_CODE = YES;
				CLANG_WARN__DUPLICATE_METHOD_MATCH = YES;
				COPY_PHASE_STRIP = NO;
				DEBUG_INFORMATION_FORMAT = "dwarf-with-dsym";
				ENABLE_NS_ASSERTIONS = NO;
				ENABLE_STRICT_OBJC_MSGSEND = YES;
				GCC_C_LANGUAGE_STANDARD = gnu11;
				GCC_NO_COMMON_BLOCKS = YES;
				GCC_WARN_64_TO_32_BIT_CONVERSION = YES;
				GCC_WARN_ABOUT_RETURN_TYPE = YES_ERROR;
				GCC_WARN_UNDECLARED_SELECTOR = YES;
				GCC_WARN_UNINITIALIZED_AUTOS = YES_AGGRESSIVE;
				GCC_WARN_UNUSED_FUNCTION = YES;
				GCC_WARN_UNUSED_VARIABLE = YES;
				IPHONEOS_DEPLOYMENT_TARGET = 13.2;
				MTL_ENABLE_DEBUG_INFO = NO;
				MTL_FAST_MATH = YES;
				SDKROOT = iphoneos;
				VALIDATE_PRODUCT = YES;
			};
			name = Release;
		};
		9508F09629723A4500B87BF1 /* Debug */ = {
			isa = XCBuildConfiguration;
			buildSettings = {
				ASSETCATALOG_COMPILER_APPICON_NAME = AppIcon;
				CODE_SIGN_STYLE = Automatic;
				DEVELOPMENT_TEAM = 9964C8R9V2;
				INFOPLIST_FILE = AntiInject_10/Info.plist;
				IPHONEOS_DEPLOYMENT_TARGET = 10.3;
				LD_RUNPATH_SEARCH_PATHS = (
					"$(inherited)",
					"@executable_path/Frameworks",
				);
				PRODUCT_BUNDLE_IDENTIFIER = "com.test.AntiInject-10";
				PRODUCT_NAME = "$(TARGET_NAME)";
				TARGETED_DEVICE_FAMILY = "1,2";
			};
			name = Debug;
		};
		9508F09729723A4500B87BF1 /* Release */ = {
			isa = XCBuildConfiguration;
			buildSettings = {
				ASSETCATALOG_COMPILER_APPICON_NAME = AppIcon;
				CODE_SIGN_STYLE = Automatic;
				DEVELOPMENT_TEAM = 9964C8R9V2;
				INFOPLIST_FILE = AntiInject_10/Info.plist;
				IPHONEOS_DEPLOYMENT_TARGET = 10.3;
				LD_RUNPATH_SEARCH_PATHS = (
					"$(inherited)",
					"@executable_path/Frameworks",
				);
				PRODUCT_BUNDLE_IDENTIFIER = "com.test.AntiInject-10";
				PRODUCT_NAME = "$(TARGET_NAME)";
				TARGETED_DEVICE_FAMILY = "1,2";
			};
			name = Release;
		};
/* End XCBuildConfiguration section */

/* Begin XCConfigurationList section */
		9508F07729723A4400B87BF1 /* Build configuration list for PBXProject "AntiInject_10" */ = {
			isa = XCConfigurationList;
			buildConfigurations = (
				9508F09329723A4500B87BF1 /* Debug */,
				9508F09429723A4500B87BF1 /* Release */,
			);
			defaultConfigurationIsVisible = 0;
			defaultConfigurationName = Release;
		};
		9508F09529723A4500B87BF1 /* Build configuration list for PBXNativeTarget "AntiInject_10" */ = {
			isa = XCConfigurationList;
			buildConfigurations = (
				9508F09629723A4500B87BF1 /* Debug */,
				9508F09729723A4500B87BF1 /* Release */,
			);
			defaultConfigurationIsVisible = 0;
			defaultConfigurationName = Release;
		};
/* End XCConfigurationList section */
	};
	rootObject = 9508F07429723A4400B87BF1 /* Project object */;
}
